// !$*UTF8*$!
{
	archiveVersion = 1;
	classes = {
	};
	objectVersion = 56;
	objects = {

/* Begin PBXBuildFile section */
		810B53FE2C8F0BA200A5C741 /* swiftui_healthappApp.swift in Sources */ = {isa = PBXBuildFile; fileRef = 810B53FD2C8F0BA200A5C741 /* swiftui_healthappApp.swift */; };
		810B54002C8F0BA200A5C741 /* ContentView.swift in Sources */ = {isa = PBXBuildFile; fileRef = 810B53FF2C8F0BA200A5C741 /* ContentView.swift */; };
		810B54022C8F0BA200A5C741 /* Assets.xcassets in Resources */ = {isa = PBXBuildFile; fileRef = 810B54012C8F0BA200A5C741 /* Assets.xcassets */; };
		810B54052C8F0BA200A5C741 /* Preview Assets.xcassets in Resources */ = {isa = PBXBuildFile; fileRef = 810B54042C8F0BA200A5C741 /* Preview Assets.xcassets */; };
		810B540C2C8F0CEF00A5C741 /* MainTabView.swift in Sources */ = {isa = PBXBuildFile; fileRef = 810B540B2C8F0CEF00A5C741 /* MainTabView.swift */; };
		810B540E2C8F0D3100A5C741 /* HomeView.swift in Sources */ = {isa = PBXBuildFile; fileRef = 810B540D2C8F0D3100A5C741 /* HomeView.swift */; };
		810B54122C8F11BA00A5C741 /* ProgressCircleView.swift in Sources */ = {isa = PBXBuildFile; fileRef = 810B54112C8F11BA00A5C741 /* ProgressCircleView.swift */; };
		810B54162C8F158600A5C741 /* WorkoutCardView.swift in Sources */ = {isa = PBXBuildFile; fileRef = 810B54152C8F158600A5C741 /* WorkoutCardView.swift */; };
		8168BB7C2C91C043009D8395 /* FSCalendarView.swift in Sources */ = {isa = PBXBuildFile; fileRef = 8168BB7B2C91C043009D8395 /* FSCalendarView.swift */; };
		8168BB7F2C91C4A7009D8395 /* AddSteps.swift in Sources */ = {isa = PBXBuildFile; fileRef = 8168BB7E2C91C4A7009D8395 /* AddSteps.swift */; };
		8168BB822C91CA9E009D8395 /* RealmSwift in Frameworks */ = {isa = PBXBuildFile; productRef = 8168BB812C91CA9E009D8395 /* RealmSwift */; };
		8168BB832C91CC0B009D8395 /* RealmSwift in Embed Frameworks */ = {isa = PBXBuildFile; productRef = 8168BB812C91CA9E009D8395 /* RealmSwift */; settings = {ATTRIBUTES = (CodeSignOnCopy, ); }; };
		818520FC2C926F8200A13C99 /* PedometerTest.swift in Sources */ = {isa = PBXBuildFile; fileRef = 818520FB2C926F8200A13C99 /* PedometerTest.swift */; };
		818521072C929D5400A13C99 /* TaskManageView.swift in Sources */ = {isa = PBXBuildFile; fileRef = 818521062C929D5400A13C99 /* TaskManageView.swift */; };
		8185210A2C929D6100A13C99 /* Tasks.swift in Sources */ = {isa = PBXBuildFile; fileRef = 818521092C929D6100A13C99 /* Tasks.swift */; };
		8185210C2C929E8F00A13C99 /* +View.swift in Sources */ = {isa = PBXBuildFile; fileRef = 8185210B2C929E8F00A13C99 /* +View.swift */; };
		8185210E2C929F7400A13C99 /* +Date.swift in Sources */ = {isa = PBXBuildFile; fileRef = 8185210D2C929F7400A13C99 /* +Date.swift */; };
		818521202C92CABF00A13C99 /* CoreDataTestView.swift in Sources */ = {isa = PBXBuildFile; fileRef = 8185211F2C92CABF00A13C99 /* CoreDataTestView.swift */; };
		8185212A2C93235E00A13C99 /* CoreDataProvider.swift in Sources */ = {isa = PBXBuildFile; fileRef = 818521292C93235E00A13C99 /* CoreDataProvider.swift */; };
		8185212D2C93242200A13C99 /* RemindersModel.xcdatamodeld in Sources */ = {isa = PBXBuildFile; fileRef = 8185212B2C93242200A13C99 /* RemindersModel.xcdatamodeld */; };
		818521302C93A70B00A13C99 /* MijickNavigationView in Frameworks */ = {isa = PBXBuildFile; productRef = 8185212F2C93A70B00A13C99 /* MijickNavigationView */; };
		818521332C93AE2900A13C99 /* RealmTestView.swift in Sources */ = {isa = PBXBuildFile; fileRef = 818521322C93AE2900A13C99 /* RealmTestView.swift */; };
		818521362C93C28F00A13C99 /* Think.swift in Sources */ = {isa = PBXBuildFile; fileRef = 818521352C93C28F00A13C99 /* Think.swift */; };
		818521382C93C92700A13C99 /* Subject.swift in Sources */ = {isa = PBXBuildFile; fileRef = 818521372C93C92700A13C99 /* Subject.swift */; };
		8185213A2C93CC6600A13C99 /* Sub.swift in Sources */ = {isa = PBXBuildFile; fileRef = 818521392C93CC6600A13C99 /* Sub.swift */; };
		8185213C2C93CDCD00A13C99 /* SmartList.swift in Sources */ = {isa = PBXBuildFile; fileRef = 8185213B2C93CDCD00A13C99 /* SmartList.swift */; };
		81A673302C91659700453F52 /* CalendarView.swift in Sources */ = {isa = PBXBuildFile; fileRef = 81A6732F2C91659700453F52 /* CalendarView.swift */; };
		81A673322C9166BA00453F52 /* CalendarViewLogic.swift in Sources */ = {isa = PBXBuildFile; fileRef = 81A673312C9166BA00453F52 /* CalendarViewLogic.swift */; };
		81A673352C91845F00453F52 /* FSCalendar in Frameworks */ = {isa = PBXBuildFile; productRef = 81A673342C91845F00453F52 /* FSCalendar */; };
		81A673382C918BA700453F52 /* MijickCalendarView in Frameworks */ = {isa = PBXBuildFile; productRef = 81A673372C918BA700453F52 /* MijickCalendarView */; };
		81A6733A2C918BDD00453F52 /* CalendarViewLibrary.swift in Sources */ = {isa = PBXBuildFile; fileRef = 81A673392C918BDD00453F52 /* CalendarViewLibrary.swift */; };
/* End PBXBuildFile section */

/* Begin PBXCopyFilesBuildPhase section */
		8168BB842C91CC0B009D8395 /* Embed Frameworks */ = {
			isa = PBXCopyFilesBuildPhase;
			buildActionMask = 2147483647;
			dstPath = "";
			dstSubfolderSpec = 10;
			files = (
				8168BB832C91CC0B009D8395 /* RealmSwift in Embed Frameworks */,
			);
			name = "Embed Frameworks";
			runOnlyForDeploymentPostprocessing = 0;
		};
/* End PBXCopyFilesBuildPhase section */

/* Begin PBXFileReference section */
		810B53FA2C8F0BA200A5C741 /* swiftui-healthapp.app */ = {isa = PBXFileReference; explicitFileType = wrapper.application; includeInIndex = 0; path = "swiftui-healthapp.app"; sourceTree = BUILT_PRODUCTS_DIR; };
		810B53FD2C8F0BA200A5C741 /* swiftui_healthappApp.swift */ = {isa = PBXFileReference; lastKnownFileType = sourcecode.swift; path = swiftui_healthappApp.swift; sourceTree = "<group>"; };
		810B53FF2C8F0BA200A5C741 /* ContentView.swift */ = {isa = PBXFileReference; lastKnownFileType = sourcecode.swift; path = ContentView.swift; sourceTree = "<group>"; };
		810B54012C8F0BA200A5C741 /* Assets.xcassets */ = {isa = PBXFileReference; lastKnownFileType = folder.assetcatalog; path = Assets.xcassets; sourceTree = "<group>"; };
		810B54042C8F0BA200A5C741 /* Preview Assets.xcassets */ = {isa = PBXFileReference; lastKnownFileType = folder.assetcatalog; path = "Preview Assets.xcassets"; sourceTree = "<group>"; };
		810B540B2C8F0CEF00A5C741 /* MainTabView.swift */ = {isa = PBXFileReference; lastKnownFileType = sourcecode.swift; path = MainTabView.swift; sourceTree = "<group>"; };
		810B540D2C8F0D3100A5C741 /* HomeView.swift */ = {isa = PBXFileReference; lastKnownFileType = sourcecode.swift; path = HomeView.swift; sourceTree = "<group>"; };
		810B54112C8F11BA00A5C741 /* ProgressCircleView.swift */ = {isa = PBXFileReference; lastKnownFileType = sourcecode.swift; path = ProgressCircleView.swift; sourceTree = "<group>"; };
		810B54152C8F158600A5C741 /* WorkoutCardView.swift */ = {isa = PBXFileReference; lastKnownFileType = sourcecode.swift; path = WorkoutCardView.swift; sourceTree = "<group>"; };
		8168BB7B2C91C043009D8395 /* FSCalendarView.swift */ = {isa = PBXFileReference; lastKnownFileType = sourcecode.swift; path = FSCalendarView.swift; sourceTree = "<group>"; };
		8168BB7E2C91C4A7009D8395 /* AddSteps.swift */ = {isa = PBXFileReference; lastKnownFileType = sourcecode.swift; path = AddSteps.swift; sourceTree = "<group>"; };
		818520FB2C926F8200A13C99 /* PedometerTest.swift */ = {isa = PBXFileReference; lastKnownFileType = sourcecode.swift; path = PedometerTest.swift; sourceTree = "<group>"; };
		818521062C929D5400A13C99 /* TaskManageView.swift */ = {isa = PBXFileReference; lastKnownFileType = sourcecode.swift; path = TaskManageView.swift; sourceTree = "<group>"; };
		818521092C929D6100A13C99 /* Tasks.swift */ = {isa = PBXFileReference; lastKnownFileType = sourcecode.swift; path = Tasks.swift; sourceTree = "<group>"; };
		8185210B2C929E8F00A13C99 /* +View.swift */ = {isa = PBXFileReference; lastKnownFileType = sourcecode.swift; path = "+View.swift"; sourceTree = "<group>"; };
		8185210D2C929F7400A13C99 /* +Date.swift */ = {isa = PBXFileReference; lastKnownFileType = sourcecode.swift; path = "+Date.swift"; sourceTree = "<group>"; };
		8185211F2C92CABF00A13C99 /* CoreDataTestView.swift */ = {isa = PBXFileReference; lastKnownFileType = sourcecode.swift; path = CoreDataTestView.swift; sourceTree = "<group>"; };
		818521292C93235E00A13C99 /* CoreDataProvider.swift */ = {isa = PBXFileReference; lastKnownFileType = sourcecode.swift; path = CoreDataProvider.swift; sourceTree = "<group>"; };
		8185212C2C93242200A13C99 /* RemindersModel.xcdatamodel */ = {isa = PBXFileReference; lastKnownFileType = wrapper.xcdatamodel; path = RemindersModel.xcdatamodel; sourceTree = "<group>"; };
		818521322C93AE2900A13C99 /* RealmTestView.swift */ = {isa = PBXFileReference; lastKnownFileType = sourcecode.swift; path = RealmTestView.swift; sourceTree = "<group>"; };
		818521352C93C28F00A13C99 /* Think.swift */ = {isa = PBXFileReference; lastKnownFileType = sourcecode.swift; path = Think.swift; sourceTree = "<group>"; };
		818521372C93C92700A13C99 /* Subject.swift */ = {isa = PBXFileReference; lastKnownFileType = sourcecode.swift; path = Subject.swift; sourceTree = "<group>"; };
		818521392C93CC6600A13C99 /* Sub.swift */ = {isa = PBXFileReference; lastKnownFileType = sourcecode.swift; path = Sub.swift; sourceTree = "<group>"; };
		8185213B2C93CDCD00A13C99 /* SmartList.swift */ = {isa = PBXFileReference; lastKnownFileType = sourcecode.swift; path = SmartList.swift; sourceTree = "<group>"; };
		81A6732F2C91659700453F52 /* CalendarView.swift */ = {isa = PBXFileReference; lastKnownFileType = sourcecode.swift; path = CalendarView.swift; sourceTree = "<group>"; };
		81A673312C9166BA00453F52 /* CalendarViewLogic.swift */ = {isa = PBXFileReference; lastKnownFileType = sourcecode.swift; path = CalendarViewLogic.swift; sourceTree = "<group>"; };
		81A673392C918BDD00453F52 /* CalendarViewLibrary.swift */ = {isa = PBXFileReference; lastKnownFileType = sourcecode.swift; path = CalendarViewLibrary.swift; sourceTree = "<group>"; };
/* End PBXFileReference section */

/* Begin PBXFrameworksBuildPhase section */
		810B53F72C8F0BA200A5C741 /* Frameworks */ = {
			isa = PBXFrameworksBuildPhase;
			buildActionMask = 2147483647;
			files = (
				8168BB822C91CA9E009D8395 /* RealmSwift in Frameworks */,
				81A673382C918BA700453F52 /* MijickCalendarView in Frameworks */,
				818521302C93A70B00A13C99 /* MijickNavigationView in Frameworks */,
				81A673352C91845F00453F52 /* FSCalendar in Frameworks */,
			);
			runOnlyForDeploymentPostprocessing = 0;
		};
/* End PBXFrameworksBuildPhase section */

/* Begin PBXGroup section */
		810B53F12C8F0BA200A5C741 = {
			isa = PBXGroup;
			children = (
				810B53FC2C8F0BA200A5C741 /* swiftui-healthapp */,
				810B53FB2C8F0BA200A5C741 /* Products */,
			);
			sourceTree = "<group>";
		};
		810B53FB2C8F0BA200A5C741 /* Products */ = {
			isa = PBXGroup;
			children = (
				810B53FA2C8F0BA200A5C741 /* swiftui-healthapp.app */,
			);
			name = Products;
			sourceTree = "<group>";
		};
		810B53FC2C8F0BA200A5C741 /* swiftui-healthapp */ = {
			isa = PBXGroup;
			children = (
				8168BB7D2C91C497009D8395 /* ViewTest */,
				81A673402C91B27B00453F52 /* Entity */,
				81E07B242C9058C800184B9A /* Service */,
				810B54142C8F155700A5C741 /* App */,
				81A6732E2C91658600453F52 /* Calendar */,
				810B54132C8F151E00A5C741 /* Home */,
				810B54012C8F0BA200A5C741 /* Assets.xcassets */,
				810B54032C8F0BA200A5C741 /* Preview Content */,
			);
			path = "swiftui-healthapp";
			sourceTree = "<group>";
		};
		810B54032C8F0BA200A5C741 /* Preview Content */ = {
			isa = PBXGroup;
			children = (
				810B54042C8F0BA200A5C741 /* Preview Assets.xcassets */,
			);
			path = "Preview Content";
			sourceTree = "<group>";
		};
		810B54132C8F151E00A5C741 /* Home */ = {
			isa = PBXGroup;
			children = (
				810B54112C8F11BA00A5C741 /* ProgressCircleView.swift */,
				810B540D2C8F0D3100A5C741 /* HomeView.swift */,
				810B54152C8F158600A5C741 /* WorkoutCardView.swift */,
			);
			path = Home;
			sourceTree = "<group>";
		};
		810B54142C8F155700A5C741 /* App */ = {
			isa = PBXGroup;
			children = (
				810B53FF2C8F0BA200A5C741 /* ContentView.swift */,
				810B540B2C8F0CEF00A5C741 /* MainTabView.swift */,
				810B53FD2C8F0BA200A5C741 /* swiftui_healthappApp.swift */,
			);
			path = App;
			sourceTree = "<group>";
		};
		8168BB7D2C91C497009D8395 /* ViewTest */ = {
			isa = PBXGroup;
			children = (
				818521312C93AE1B00A13C99 /* RealmTest */,
				8185211E2C92CAAF00A13C99 /* Coredata */,
				818521082C929D5700A13C99 /* TaskManage */,
				8168BB7E2C91C4A7009D8395 /* AddSteps.swift */,
				818520FB2C926F8200A13C99 /* PedometerTest.swift */,
			);
			path = ViewTest;
			sourceTree = "<group>";
		};
		818521082C929D5700A13C99 /* TaskManage */ = {
			isa = PBXGroup;
			children = (
				818521062C929D5400A13C99 /* TaskManageView.swift */,
				818521092C929D6100A13C99 /* Tasks.swift */,
				8185210B2C929E8F00A13C99 /* +View.swift */,
				8185210D2C929F7400A13C99 /* +Date.swift */,
			);
			path = TaskManage;
			sourceTree = "<group>";
		};
		8185211E2C92CAAF00A13C99 /* Coredata */ = {
			isa = PBXGroup;
			children = (
				8185211F2C92CABF00A13C99 /* CoreDataTestView.swift */,
				818521292C93235E00A13C99 /* CoreDataProvider.swift */,
				8185212B2C93242200A13C99 /* RemindersModel.xcdatamodeld */,
			);
			path = Coredata;
			sourceTree = "<group>";
		};
		818521312C93AE1B00A13C99 /* RealmTest */ = {
			isa = PBXGroup;
			children = (
				8185213D2C93CFD900A13C99 /* Repository */,
				818521342C93C1D200A13C99 /* Models */,
				818521322C93AE2900A13C99 /* RealmTestView.swift */,
			);
			path = RealmTest;
			sourceTree = "<group>";
		};
		818521342C93C1D200A13C99 /* Models */ = {
			isa = PBXGroup;
			children = (
				818521352C93C28F00A13C99 /* Think.swift */,
				818521372C93C92700A13C99 /* Subject.swift */,
				818521392C93CC6600A13C99 /* Sub.swift */,
				8185213B2C93CDCD00A13C99 /* SmartList.swift */,
			);
			path = Models;
			sourceTree = "<group>";
		};
		8185213D2C93CFD900A13C99 /* Repository */ = {
			isa = PBXGroup;
			children = (
			);
			path = Repository;
			sourceTree = "<group>";
		};
		81A6732E2C91658600453F52 /* Calendar */ = {
			isa = PBXGroup;
			children = (
				81A6732F2C91659700453F52 /* CalendarView.swift */,
				81A673312C9166BA00453F52 /* CalendarViewLogic.swift */,
				81A673392C918BDD00453F52 /* CalendarViewLibrary.swift */,
				8168BB7B2C91C043009D8395 /* FSCalendarView.swift */,
			);
			path = Calendar;
			sourceTree = "<group>";
		};
		81A673402C91B27B00453F52 /* Entity */ = {
			isa = PBXGroup;
			children = (
			);
			path = Entity;
			sourceTree = "<group>";
		};
		81E07B242C9058C800184B9A /* Service */ = {
			isa = PBXGroup;
			children = (
			);
			path = Service;
			sourceTree = "<group>";
		};
/* End PBXGroup section */

/* Begin PBXNativeTarget section */
		810B53F92C8F0BA200A5C741 /* swiftui-healthapp */ = {
			isa = PBXNativeTarget;
			buildConfigurationList = 810B54082C8F0BA200A5C741 /* Build configuration list for PBXNativeTarget "swiftui-healthapp" */;
			buildPhases = (
				810B53F62C8F0BA200A5C741 /* Sources */,
				810B53F72C8F0BA200A5C741 /* Frameworks */,
				810B53F82C8F0BA200A5C741 /* Resources */,
				8168BB842C91CC0B009D8395 /* Embed Frameworks */,
			);
			buildRules = (
			);
			dependencies = (
			);
			name = "swiftui-healthapp";
			packageProductDependencies = (
				81A673342C91845F00453F52 /* FSCalendar */,
				81A673372C918BA700453F52 /* MijickCalendarView */,
				8168BB812C91CA9E009D8395 /* RealmSwift */,
				8185212F2C93A70B00A13C99 /* MijickNavigationView */,
			);
			productName = "swiftui-healthapp";
			productReference = 810B53FA2C8F0BA200A5C741 /* swiftui-healthapp.app */;
			productType = "com.apple.product-type.application";
		};
/* End PBXNativeTarget section */

/* Begin PBXProject section */
		810B53F22C8F0BA200A5C741 /* Project object */ = {
			isa = PBXProject;
			attributes = {
				BuildIndependentTargetsInParallel = 1;
				LastSwiftUpdateCheck = 1540;
				LastUpgradeCheck = 1540;
				TargetAttributes = {
					810B53F92C8F0BA200A5C741 = {
						CreatedOnToolsVersion = 15.4;
					};
				};
			};
			buildConfigurationList = 810B53F52C8F0BA200A5C741 /* Build configuration list for PBXProject "swiftui-healthapp" */;
			compatibilityVersion = "Xcode 14.0";
			developmentRegion = en;
			hasScannedForEncodings = 0;
			knownRegions = (
				en,
				Base,
			);
			mainGroup = 810B53F12C8F0BA200A5C741;
			packageReferences = (
				81A673332C91845F00453F52 /* XCRemoteSwiftPackageReference "FSCalendar" */,
				81A673362C918BA700453F52 /* XCRemoteSwiftPackageReference "CalendarView" */,
				8168BB802C91CA9E009D8395 /* XCRemoteSwiftPackageReference "realm-swift" */,
				8185212E2C93A70B00A13C99 /* XCRemoteSwiftPackageReference "NavigationView" */,
			);
			productRefGroup = 810B53FB2C8F0BA200A5C741 /* Products */;
			projectDirPath = "";
			projectRoot = "";
			targets = (
				810B53F92C8F0BA200A5C741 /* swiftui-healthapp */,
			);
		};
/* End PBXProject section */

/* Begin PBXResourcesBuildPhase section */
		810B53F82C8F0BA200A5C741 /* Resources */ = {
			isa = PBXResourcesBuildPhase;
			buildActionMask = 2147483647;
			files = (
				810B54052C8F0BA200A5C741 /* Preview Assets.xcassets in Resources */,
				810B54022C8F0BA200A5C741 /* Assets.xcassets in Resources */,
			);
			runOnlyForDeploymentPostprocessing = 0;
		};
/* End PBXResourcesBuildPhase section */

/* Begin PBXSourcesBuildPhase section */
		810B53F62C8F0BA200A5C741 /* Sources */ = {
			isa = PBXSourcesBuildPhase;
			buildActionMask = 2147483647;
			files = (
				8185210A2C929D6100A13C99 /* Tasks.swift in Sources */,
				810B54162C8F158600A5C741 /* WorkoutCardView.swift in Sources */,
				8185212D2C93242200A13C99 /* RemindersModel.xcdatamodeld in Sources */,
				8168BB7C2C91C043009D8395 /* FSCalendarView.swift in Sources */,
				8168BB7F2C91C4A7009D8395 /* AddSteps.swift in Sources */,
				8185213C2C93CDCD00A13C99 /* SmartList.swift in Sources */,
				818520FC2C926F8200A13C99 /* PedometerTest.swift in Sources */,
				8185212A2C93235E00A13C99 /* CoreDataProvider.swift in Sources */,
				818521202C92CABF00A13C99 /* CoreDataTestView.swift in Sources */,
				81A673302C91659700453F52 /* CalendarView.swift in Sources */,
				810B54002C8F0BA200A5C741 /* ContentView.swift in Sources */,
				81A6733A2C918BDD00453F52 /* CalendarViewLibrary.swift in Sources */,
				810B54122C8F11BA00A5C741 /* ProgressCircleView.swift in Sources */,
				818521382C93C92700A13C99 /* Subject.swift in Sources */,
				810B540E2C8F0D3100A5C741 /* HomeView.swift in Sources */,
				81A673322C9166BA00453F52 /* CalendarViewLogic.swift in Sources */,
				818521332C93AE2900A13C99 /* RealmTestView.swift in Sources */,
				818521072C929D5400A13C99 /* TaskManageView.swift in Sources */,
				810B53FE2C8F0BA200A5C741 /* swiftui_healthappApp.swift in Sources */,
				810B540C2C8F0CEF00A5C741 /* MainTabView.swift in Sources */,
				8185210C2C929E8F00A13C99 /* +View.swift in Sources */,
				818521362C93C28F00A13C99 /* Think.swift in Sources */,
				8185210E2C929F7400A13C99 /* +Date.swift in Sources */,
				8185213A2C93CC6600A13C99 /* Sub.swift in Sources */,
			);
			runOnlyForDeploymentPostprocessing = 0;
		};
/* End PBXSourcesBuildPhase section */

/* Begin XCBuildConfiguration section */
		810B54062C8F0BA200A5C741 /* Debug */ = {
			isa = XCBuildConfiguration;
			buildSettings = {
				ALWAYS_SEARCH_USER_PATHS = NO;
				ASSETCATALOG_COMPILER_GENERATE_SWIFT_ASSET_SYMBOL_EXTENSIONS = YES;
				CLANG_ANALYZER_NONNULL = YES;
				CLANG_ANALYZER_NUMBER_OBJECT_CONVERSION = YES_AGGRESSIVE;
				CLANG_CXX_LANGUAGE_STANDARD = "gnu++20";
				CLANG_ENABLE_MODULES = YES;
				CLANG_ENABLE_OBJC_ARC = YES;
				CLANG_ENABLE_OBJC_WEAK = YES;
				CLANG_WARN_BLOCK_CAPTURE_AUTORELEASING = YES;
				CLANG_WARN_BOOL_CONVERSION = YES;
				CLANG_WARN_COMMA = YES;
				CLANG_WARN_CONSTANT_CONVERSION = YES;
				CLANG_WARN_DEPRECATED_OBJC_IMPLEMENTATIONS = YES;
				CLANG_WARN_DIRECT_OBJC_ISA_USAGE = YES_ERROR;
				CLANG_WARN_DOCUMENTATION_COMMENTS = YES;
				CLANG_WARN_EMPTY_BODY = YES;
				CLANG_WARN_ENUM_CONVERSION = YES;
				CLANG_WARN_INFINITE_RECURSION = YES;
				CLANG_WARN_INT_CONVERSION = YES;
				CLANG_WARN_NON_LITERAL_NULL_CONVERSION = YES;
				CLANG_WARN_OBJC_IMPLICIT_RETAIN_SELF = YES;
				CLANG_WARN_OBJC_LITERAL_CONVERSION = YES;
				CLANG_WARN_OBJC_ROOT_CLASS = YES_ERROR;
				CLANG_WARN_QUOTED_INCLUDE_IN_FRAMEWORK_HEADER = YES;
				CLANG_WARN_RANGE_LOOP_ANALYSIS = YES;
				CLANG_WARN_STRICT_PROTOTYPES = YES;
				CLANG_WARN_SUSPICIOUS_MOVE = YES;
				CLANG_WARN_UNGUARDED_AVAILABILITY = YES_AGGRESSIVE;
				CLANG_WARN_UNREACHABLE_CODE = YES;
				CLANG_WARN__DUPLICATE_METHOD_MATCH = YES;
				COPY_PHASE_STRIP = NO;
				DEBUG_INFORMATION_FORMAT = dwarf;
				ENABLE_STRICT_OBJC_MSGSEND = YES;
				ENABLE_TESTABILITY = YES;
				ENABLE_USER_SCRIPT_SANDBOXING = YES;
				GCC_C_LANGUAGE_STANDARD = gnu17;
				GCC_DYNAMIC_NO_PIC = NO;
				GCC_NO_COMMON_BLOCKS = YES;
				GCC_OPTIMIZATION_LEVEL = 0;
				GCC_PREPROCESSOR_DEFINITIONS = (
					"DEBUG=1",
					"$(inherited)",
				);
				GCC_WARN_64_TO_32_BIT_CONVERSION = YES;
				GCC_WARN_ABOUT_RETURN_TYPE = YES_ERROR;
				GCC_WARN_UNDECLARED_SELECTOR = YES;
				GCC_WARN_UNINITIALIZED_AUTOS = YES_AGGRESSIVE;
				GCC_WARN_UNUSED_FUNCTION = YES;
				GCC_WARN_UNUSED_VARIABLE = YES;
				IPHONEOS_DEPLOYMENT_TARGET = 15.0;
				LOCALIZATION_PREFERS_STRING_CATALOGS = YES;
				MTL_ENABLE_DEBUG_INFO = INCLUDE_SOURCE;
				MTL_FAST_MATH = YES;
				ONLY_ACTIVE_ARCH = YES;
				SDKROOT = iphoneos;
				SWIFT_ACTIVE_COMPILATION_CONDITIONS = "DEBUG $(inherited)";
				SWIFT_OPTIMIZATION_LEVEL = "-Onone";
			};
			name = Debug;
		};
		810B54072C8F0BA200A5C741 /* Release */ = {
			isa = XCBuildConfiguration;
			buildSettings = {
				ALWAYS_SEARCH_USER_PATHS = NO;
				ASSETCATALOG_COMPILER_GENERATE_SWIFT_ASSET_SYMBOL_EXTENSIONS = YES;
				CLANG_ANALYZER_NONNULL = YES;
				CLANG_ANALYZER_NUMBER_OBJECT_CONVERSION = YES_AGGRESSIVE;
				CLANG_CXX_LANGUAGE_STANDARD = "gnu++20";
				CLANG_ENABLE_MODULES = YES;
				CLANG_ENABLE_OBJC_ARC = YES;
				CLANG_ENABLE_OBJC_WEAK = YES;
				CLANG_WARN_BLOCK_CAPTURE_AUTORELEASING = YES;
				CLANG_WARN_BOOL_CONVERSION = YES;
				CLANG_WARN_COMMA = YES;
				CLANG_WARN_CONSTANT_CONVERSION = YES;
				CLANG_WARN_DEPRECATED_OBJC_IMPLEMENTATIONS = YES;
				CLANG_WARN_DIRECT_OBJC_ISA_USAGE = YES_ERROR;
				CLANG_WARN_DOCUMENTATION_COMMENTS = YES;
				CLANG_WARN_EMPTY_BODY = YES;
				CLANG_WARN_ENUM_CONVERSION = YES;
				CLANG_WARN_INFINITE_RECURSION = YES;
				CLANG_WARN_INT_CONVERSION = YES;
				CLANG_WARN_NON_LITERAL_NULL_CONVERSION = YES;
				CLANG_WARN_OBJC_IMPLICIT_RETAIN_SELF = YES;
				CLANG_WARN_OBJC_LITERAL_CONVERSION = YES;
				CLANG_WARN_OBJC_ROOT_CLASS = YES_ERROR;
				CLANG_WARN_QUOTED_INCLUDE_IN_FRAMEWORK_HEADER = YES;
				CLANG_WARN_RANGE_LOOP_ANALYSIS = YES;
				CLANG_WARN_STRICT_PROTOTYPES = YES;
				CLANG_WARN_SUSPICIOUS_MOVE = YES;
				CLANG_WARN_UNGUARDED_AVAILABILITY = YES_AGGRESSIVE;
				CLANG_WARN_UNREACHABLE_CODE = YES;
				CLANG_WARN__DUPLICATE_METHOD_MATCH = YES;
				COPY_PHASE_STRIP = NO;
				DEBUG_INFORMATION_FORMAT = "dwarf-with-dsym";
				ENABLE_NS_ASSERTIONS = NO;
				ENABLE_STRICT_OBJC_MSGSEND = YES;
				ENABLE_USER_SCRIPT_SANDBOXING = YES;
				GCC_C_LANGUAGE_STANDARD = gnu17;
				GCC_NO_COMMON_BLOCKS = YES;
				GCC_WARN_64_TO_32_BIT_CONVERSION = YES;
				GCC_WARN_ABOUT_RETURN_TYPE = YES_ERROR;
				GCC_WARN_UNDECLARED_SELECTOR = YES;
				GCC_WARN_UNINITIALIZED_AUTOS = YES_AGGRESSIVE;
				GCC_WARN_UNUSED_FUNCTION = YES;
				GCC_WARN_UNUSED_VARIABLE = YES;
				IPHONEOS_DEPLOYMENT_TARGET = 15.0;
				LOCALIZATION_PREFERS_STRING_CATALOGS = YES;
				MTL_ENABLE_DEBUG_INFO = NO;
				MTL_FAST_MATH = YES;
				SDKROOT = iphoneos;
				SWIFT_COMPILATION_MODE = wholemodule;
				VALIDATE_PRODUCT = YES;
			};
			name = Release;
		};
		810B54092C8F0BA200A5C741 /* Debug */ = {
			isa = XCBuildConfiguration;
			buildSettings = {
				ASSETCATALOG_COMPILER_APPICON_NAME = AppIcon;
				ASSETCATALOG_COMPILER_GLOBAL_ACCENT_COLOR_NAME = AccentColor;
				CODE_SIGN_STYLE = Automatic;
				CURRENT_PROJECT_VERSION = 1;
				DEVELOPMENT_ASSET_PATHS = "\"swiftui-healthapp/Preview Content\"";
				DEVELOPMENT_TEAM = YM49LMS87D;
				ENABLE_PREVIEWS = YES;
				GENERATE_INFOPLIST_FILE = YES;
				INFOPLIST_KEY_NSMotionUsageDescription = "걸음 수 측정을 위해, 움직임 데이터 활용에 대한 동의가 필요합니다.";
				INFOPLIST_KEY_UIApplicationSceneManifest_Generation = YES;
				INFOPLIST_KEY_UIApplicationSupportsIndirectInputEvents = YES;
				INFOPLIST_KEY_UILaunchScreen_Generation = YES;
				INFOPLIST_KEY_UISupportedInterfaceOrientations_iPad = "UIInterfaceOrientationPortrait UIInterfaceOrientationPortraitUpsideDown UIInterfaceOrientationLandscapeLeft UIInterfaceOrientationLandscapeRight";
				INFOPLIST_KEY_UISupportedInterfaceOrientations_iPhone = "UIInterfaceOrientationPortrait UIInterfaceOrientationLandscapeLeft UIInterfaceOrientationLandscapeRight";
				IPHONEOS_DEPLOYMENT_TARGET = 15.0;
				LD_RUNPATH_SEARCH_PATHS = (
					"$(inherited)",
					"@executable_path/Frameworks",
				);
				MARKETING_VERSION = 1.0;
				PRODUCT_BUNDLE_IDENTIFIER = "teamhk.swiftui-healthapp";
				PRODUCT_NAME = "$(TARGET_NAME)";
				SUPPORTED_PLATFORMS = "iphoneos iphonesimulator";
				SUPPORTS_MACCATALYST = NO;
				SUPPORTS_MAC_DESIGNED_FOR_IPHONE_IPAD = NO;
				SUPPORTS_XR_DESIGNED_FOR_IPHONE_IPAD = NO;
				SWIFT_EMIT_LOC_STRINGS = YES;
				SWIFT_VERSION = 5.0;
				TARGETED_DEVICE_FAMILY = 1;
			};
			name = Debug;
		};
		810B540A2C8F0BA200A5C741 /* Release */ = {
			isa = XCBuildConfiguration;
			buildSettings = {
				ASSETCATALOG_COMPILER_APPICON_NAME = AppIcon;
				ASSETCATALOG_COMPILER_GLOBAL_ACCENT_COLOR_NAME = AccentColor;
				CODE_SIGN_STYLE = Automatic;
				CURRENT_PROJECT_VERSION = 1;
				DEVELOPMENT_ASSET_PATHS = "\"swiftui-healthapp/Preview Content\"";
				DEVELOPMENT_TEAM = YM49LMS87D;
				ENABLE_PREVIEWS = YES;
				GENERATE_INFOPLIST_FILE = YES;
				INFOPLIST_KEY_NSMotionUsageDescription = "걸음 수 측정을 위해, 움직임 데이터 활용에 대한 동의가 필요합니다.";
				INFOPLIST_KEY_UIApplicationSceneManifest_Generation = YES;
				INFOPLIST_KEY_UIApplicationSupportsIndirectInputEvents = YES;
				INFOPLIST_KEY_UILaunchScreen_Generation = YES;
				INFOPLIST_KEY_UISupportedInterfaceOrientations_iPad = "UIInterfaceOrientationPortrait UIInterfaceOrientationPortraitUpsideDown UIInterfaceOrientationLandscapeLeft UIInterfaceOrientationLandscapeRight";
				INFOPLIST_KEY_UISupportedInterfaceOrientations_iPhone = "UIInterfaceOrientationPortrait UIInterfaceOrientationLandscapeLeft UIInterfaceOrientationLandscapeRight";
				IPHONEOS_DEPLOYMENT_TARGET = 15.0;
				LD_RUNPATH_SEARCH_PATHS = (
					"$(inherited)",
					"@executable_path/Frameworks",
				);
				MARKETING_VERSION = 1.0;
				PRODUCT_BUNDLE_IDENTIFIER = "teamhk.swiftui-healthapp";
				PRODUCT_NAME = "$(TARGET_NAME)";
				SUPPORTED_PLATFORMS = "iphoneos iphonesimulator";
				SUPPORTS_MACCATALYST = NO;
				SUPPORTS_MAC_DESIGNED_FOR_IPHONE_IPAD = NO;
				SUPPORTS_XR_DESIGNED_FOR_IPHONE_IPAD = NO;
				SWIFT_EMIT_LOC_STRINGS = YES;
				SWIFT_VERSION = 5.0;
				TARGETED_DEVICE_FAMILY = 1;
			};
			name = Release;
		};
/* End XCBuildConfiguration section */

/* Begin XCConfigurationList section */
		810B53F52C8F0BA200A5C741 /* Build configuration list for PBXProject "swiftui-healthapp" */ = {
			isa = XCConfigurationList;
			buildConfigurations = (
				810B54062C8F0BA200A5C741 /* Debug */,
				810B54072C8F0BA200A5C741 /* Release */,
			);
			defaultConfigurationIsVisible = 0;
			defaultConfigurationName = Release;
		};
		810B54082C8F0BA200A5C741 /* Build configuration list for PBXNativeTarget "swiftui-healthapp" */ = {
			isa = XCConfigurationList;
			buildConfigurations = (
				810B54092C8F0BA200A5C741 /* Debug */,
				810B540A2C8F0BA200A5C741 /* Release */,
			);
			defaultConfigurationIsVisible = 0;
			defaultConfigurationName = Release;
		};
/* End XCConfigurationList section */

/* Begin XCRemoteSwiftPackageReference section */
		8168BB802C91CA9E009D8395 /* XCRemoteSwiftPackageReference "realm-swift" */ = {
			isa = XCRemoteSwiftPackageReference;
			repositoryURL = "https://github.com/realm/realm-swift.git";
			requirement = {
				kind = upToNextMajorVersion;
				minimumVersion = 20.0.0;
			};
		};
		8185212E2C93A70B00A13C99 /* XCRemoteSwiftPackageReference "NavigationView" */ = {
			isa = XCRemoteSwiftPackageReference;
			repositoryURL = "https://github.com/Mijick/NavigationView.git";
			requirement = {
				kind = upToNextMajorVersion;
				minimumVersion = 1.1.3;
			};
		};
		81A673332C91845F00453F52 /* XCRemoteSwiftPackageReference "FSCalendar" */ = {
			isa = XCRemoteSwiftPackageReference;
			repositoryURL = "https://github.com/WenchaoD/FSCalendar.git";
			requirement = {
				kind = upToNextMajorVersion;
				minimumVersion = 2.8.4;
			};
		};
		81A673362C918BA700453F52 /* XCRemoteSwiftPackageReference "CalendarView" */ = {
			isa = XCRemoteSwiftPackageReference;
			repositoryURL = "https://github.com/Mijick/CalendarView.git";
			requirement = {
				kind = upToNextMajorVersion;
				minimumVersion = 1.0.0;
			};
		};
/* End XCRemoteSwiftPackageReference section */

/* Begin XCSwiftPackageProductDependency section */
		8168BB812C91CA9E009D8395 /* RealmSwift */ = {
			isa = XCSwiftPackageProductDependency;
			package = 8168BB802C91CA9E009D8395 /* XCRemoteSwiftPackageReference "realm-swift" */;
			productName = RealmSwift;
		};
		8185212F2C93A70B00A13C99 /* MijickNavigationView */ = {
			isa = XCSwiftPackageProductDependency;
			package = 8185212E2C93A70B00A13C99 /* XCRemoteSwiftPackageReference "NavigationView" */;
			productName = MijickNavigationView;
		};
		81A673342C91845F00453F52 /* FSCalendar */ = {
			isa = XCSwiftPackageProductDependency;
			package = 81A673332C91845F00453F52 /* XCRemoteSwiftPackageReference "FSCalendar" */;
			productName = FSCalendar;
		};
		81A673372C918BA700453F52 /* MijickCalendarView */ = {
			isa = XCSwiftPackageProductDependency;
			package = 81A673362C918BA700453F52 /* XCRemoteSwiftPackageReference "CalendarView" */;
			productName = MijickCalendarView;
		};
/* End XCSwiftPackageProductDependency section */

/* Begin XCVersionGroup section */
		8185212B2C93242200A13C99 /* RemindersModel.xcdatamodeld */ = {
			isa = XCVersionGroup;
			children = (
				8185212C2C93242200A13C99 /* RemindersModel.xcdatamodel */,
			);
			currentVersion = 8185212C2C93242200A13C99 /* RemindersModel.xcdatamodel */;
			name = RemindersModel.xcdatamodeld;
			path = "/Users/hankyeol-dev/lab/sesac/swiftui-projects/swiftui-healthapp/swiftui-healthapp/ViewTest/Coredata/RemindersModel.xcdatamodeld";
			sourceTree = "<group>";
			versionGroupType = wrapper.xcdatamodel;
		};
/* End XCVersionGroup section */
	};
	rootObject = 810B53F22C8F0BA200A5C741 /* Project object */;
}
