// !$*UTF8*$!
{
	archiveVersion = 1;
	classes = {
	};
	objectVersion = 56;
	objects = {

/* Begin PBXBuildFile section */
		8105FE362C85427E005A1267 /* swiftui_transitionNetworkApp.swift in Sources */ = {isa = PBXBuildFile; fileRef = 8105FE352C85427E005A1267 /* swiftui_transitionNetworkApp.swift */; };
		8105FE382C85427E005A1267 /* ContentView.swift in Sources */ = {isa = PBXBuildFile; fileRef = 8105FE372C85427E005A1267 /* ContentView.swift */; };
		8105FE3A2C85427F005A1267 /* Assets.xcassets in Resources */ = {isa = PBXBuildFile; fileRef = 8105FE392C85427F005A1267 /* Assets.xcassets */; };
		8105FE3D2C85427F005A1267 /* Preview Assets.xcassets in Resources */ = {isa = PBXBuildFile; fileRef = 8105FE3C2C85427F005A1267 /* Preview Assets.xcassets */; };
		8105FE452C85439A005A1267 /* ContentView1.swift in Sources */ = {isa = PBXBuildFile; fileRef = 8105FE442C85439A005A1267 /* ContentView1.swift */; };
		8105FE492C855532005A1267 /* ContentView2.swift in Sources */ = {isa = PBXBuildFile; fileRef = 8105FE482C855532005A1267 /* ContentView2.swift */; };
		810B54192C8FD57200A5C741 /* Combine1.swift in Sources */ = {isa = PBXBuildFile; fileRef = 810B54182C8FD57200A5C741 /* Combine1.swift */; };
		810B541B2C8FD79300A5C741 /* Combine2.swift in Sources */ = {isa = PBXBuildFile; fileRef = 810B541A2C8FD79300A5C741 /* Combine2.swift */; };
		810B541D2C8FD7D700A5C741 /* Combine2ViewModel.swift in Sources */ = {isa = PBXBuildFile; fileRef = 810B541C2C8FD7D700A5C741 /* Combine2ViewModel.swift */; };
		810B541F2C8FDA5F00A5C741 /* Combine3.swift in Sources */ = {isa = PBXBuildFile; fileRef = 810B541E2C8FDA5F00A5C741 /* Combine3.swift */; };
		810B54212C8FDA7B00A5C741 /* Combine3ViewModel.swift in Sources */ = {isa = PBXBuildFile; fileRef = 810B54202C8FDA7B00A5C741 /* Combine3ViewModel.swift */; };
		810B54232C8FE81200A5C741 /* Combine4.swift in Sources */ = {isa = PBXBuildFile; fileRef = 810B54222C8FE81200A5C741 /* Combine4.swift */; };
		810B54262C8FE83A00A5C741 /* Combine4ViewModel.swift in Sources */ = {isa = PBXBuildFile; fileRef = 810B54252C8FE83A00A5C741 /* Combine4ViewModel.swift */; };
		810B54282C8FED5700A5C741 /* Combine5ViewModel.swift in Sources */ = {isa = PBXBuildFile; fileRef = 810B54272C8FED5700A5C741 /* Combine5ViewModel.swift */; };
		810B542A2C8FED9700A5C741 /* Combine5.swift in Sources */ = {isa = PBXBuildFile; fileRef = 810B54292C8FED9700A5C741 /* Combine5.swift */; };
		812445D42C8698D8001951BB /* NetworkView1.swift in Sources */ = {isa = PBXBuildFile; fileRef = 812445D32C8698D8001951BB /* NetworkView1.swift */; };
		812445D62C86A832001951BB /* NetworkView2.swift in Sources */ = {isa = PBXBuildFile; fileRef = 812445D52C86A832001951BB /* NetworkView2.swift */; };
		812445D82C86AF15001951BB /* Network.swift in Sources */ = {isa = PBXBuildFile; fileRef = 812445D72C86AF15001951BB /* Network.swift */; };
		8136B99F2C9121C200CF6C53 /* Concurrency1.swift in Sources */ = {isa = PBXBuildFile; fileRef = 8136B99E2C9121C200CF6C53 /* Concurrency1.swift */; };
		8136B9A12C91223E00CF6C53 /* Concurrency1VC.swift in Sources */ = {isa = PBXBuildFile; fileRef = 8136B9A02C91223E00CF6C53 /* Concurrency1VC.swift */; };
		8136B9A32C91272600CF6C53 /* Concurrency1Manager.swift in Sources */ = {isa = PBXBuildFile; fileRef = 8136B9A22C91272600CF6C53 /* Concurrency1Manager.swift */; };
		814CE44D2C87E546006C9199 /* ObservableObject1.swift in Sources */ = {isa = PBXBuildFile; fileRef = 814CE44C2C87E546006C9199 /* ObservableObject1.swift */; };
		814CE44F2C87E6AB006C9199 /* NavigationView1.swift in Sources */ = {isa = PBXBuildFile; fileRef = 814CE44E2C87E6AB006C9199 /* NavigationView1.swift */; };
		814CE4512C87EE80006C9199 /* NavigatingWrapper.swift in Sources */ = {isa = PBXBuildFile; fileRef = 814CE4502C87EE80006C9199 /* NavigatingWrapper.swift */; };
		814CE4542C8869F6006C9199 /* RandomImage.swift in Sources */ = {isa = PBXBuildFile; fileRef = 814CE4532C8869F6006C9199 /* RandomImage.swift */; };
		814CE4562C8880DD006C9199 /* CategoryView.swift in Sources */ = {isa = PBXBuildFile; fileRef = 814CE4552C8880DD006C9199 /* CategoryView.swift */; };
		818520FF2C9275D000A13C99 /* Socket1.swift in Sources */ = {isa = PBXBuildFile; fileRef = 818520FE2C9275D000A13C99 /* Socket1.swift */; };
		818521012C92805D00A13C99 /* SocketManager.swift in Sources */ = {isa = PBXBuildFile; fileRef = 818521002C92805D00A13C99 /* SocketManager.swift */; };
		818521032C928F8700A13C99 /* Orderbook.swift in Sources */ = {isa = PBXBuildFile; fileRef = 818521022C928F8700A13C99 /* Orderbook.swift */; };
		818521052C92912A00A13C99 /* Socket1ViewModel.swift in Sources */ = {isa = PBXBuildFile; fileRef = 818521042C92912A00A13C99 /* Socket1ViewModel.swift */; };
		818521142C92AE0900A13C99 /* ChartView1.swift in Sources */ = {isa = PBXBuildFile; fileRef = 818521132C92AE0900A13C99 /* ChartView1.swift */; };
		818521172C92AE5600A13C99 /* RealmSwift in Frameworks */ = {isa = PBXBuildFile; productRef = 818521162C92AE5600A13C99 /* RealmSwift */; };
		818521192C92B39A00A13C99 /* TodoView1.swift in Sources */ = {isa = PBXBuildFile; fileRef = 818521182C92B39A00A13C99 /* TodoView1.swift */; };
		8185211B2C92BDDF00A13C99 /* TodoRealm.swift in Sources */ = {isa = PBXBuildFile; fileRef = 8185211A2C92BDDF00A13C99 /* TodoRealm.swift */; };
		8185211C2C92C21600A13C99 /* RealmSwift in Embed Frameworks */ = {isa = PBXBuildFile; productRef = 818521162C92AE5600A13C99 /* RealmSwift */; settings = {ATTRIBUTES = (CodeSignOnCopy, ); }; };
		81E25B8E2C8E7C1E005C3F09 /* Observable1.swift in Sources */ = {isa = PBXBuildFile; fileRef = 81E25B8D2C8E7C1E005C3F09 /* Observable1.swift */; };
		81E25B902C8E800A005C3F09 /* Observable2.swift in Sources */ = {isa = PBXBuildFile; fileRef = 81E25B8F2C8E800A005C3F09 /* Observable2.swift */; };
		81E25B922C8E8D73005C3F09 /* Observable3.swift in Sources */ = {isa = PBXBuildFile; fileRef = 81E25B912C8E8D73005C3F09 /* Observable3.swift */; };
		81E25B962C8EACAD005C3F09 /* HealthkitTest.swift in Sources */ = {isa = PBXBuildFile; fileRef = 81E25B952C8EACAD005C3F09 /* HealthkitTest.swift */; };
/* End PBXBuildFile section */

/* Begin PBXCopyFilesBuildPhase section */
		8185211D2C92C21600A13C99 /* Embed Frameworks */ = {
			isa = PBXCopyFilesBuildPhase;
			buildActionMask = 2147483647;
			dstPath = "";
			dstSubfolderSpec = 10;
			files = (
				8185211C2C92C21600A13C99 /* RealmSwift in Embed Frameworks */,
			);
			name = "Embed Frameworks";
			runOnlyForDeploymentPostprocessing = 0;
		};
/* End PBXCopyFilesBuildPhase section */

/* Begin PBXFileReference section */
		8105FE322C85427E005A1267 /* swiftui-transitionNetwork.app */ = {isa = PBXFileReference; explicitFileType = wrapper.application; includeInIndex = 0; path = "swiftui-transitionNetwork.app"; sourceTree = BUILT_PRODUCTS_DIR; };
		8105FE352C85427E005A1267 /* swiftui_transitionNetworkApp.swift */ = {isa = PBXFileReference; lastKnownFileType = sourcecode.swift; path = swiftui_transitionNetworkApp.swift; sourceTree = "<group>"; };
		8105FE372C85427E005A1267 /* ContentView.swift */ = {isa = PBXFileReference; lastKnownFileType = sourcecode.swift; path = ContentView.swift; sourceTree = "<group>"; };
		8105FE392C85427F005A1267 /* Assets.xcassets */ = {isa = PBXFileReference; lastKnownFileType = folder.assetcatalog; path = Assets.xcassets; sourceTree = "<group>"; };
		8105FE3C2C85427F005A1267 /* Preview Assets.xcassets */ = {isa = PBXFileReference; lastKnownFileType = folder.assetcatalog; path = "Preview Assets.xcassets"; sourceTree = "<group>"; };
		8105FE442C85439A005A1267 /* ContentView1.swift */ = {isa = PBXFileReference; lastKnownFileType = sourcecode.swift; path = ContentView1.swift; sourceTree = "<group>"; };
		8105FE482C855532005A1267 /* ContentView2.swift */ = {isa = PBXFileReference; lastKnownFileType = sourcecode.swift; path = ContentView2.swift; sourceTree = "<group>"; };
		810B54182C8FD57200A5C741 /* Combine1.swift */ = {isa = PBXFileReference; lastKnownFileType = sourcecode.swift; path = Combine1.swift; sourceTree = "<group>"; };
		810B541A2C8FD79300A5C741 /* Combine2.swift */ = {isa = PBXFileReference; lastKnownFileType = sourcecode.swift; path = Combine2.swift; sourceTree = "<group>"; };
		810B541C2C8FD7D700A5C741 /* Combine2ViewModel.swift */ = {isa = PBXFileReference; lastKnownFileType = sourcecode.swift; path = Combine2ViewModel.swift; sourceTree = "<group>"; };
		810B541E2C8FDA5F00A5C741 /* Combine3.swift */ = {isa = PBXFileReference; lastKnownFileType = sourcecode.swift; path = Combine3.swift; sourceTree = "<group>"; };
		810B54202C8FDA7B00A5C741 /* Combine3ViewModel.swift */ = {isa = PBXFileReference; lastKnownFileType = sourcecode.swift; path = Combine3ViewModel.swift; sourceTree = "<group>"; };
		810B54222C8FE81200A5C741 /* Combine4.swift */ = {isa = PBXFileReference; lastKnownFileType = sourcecode.swift; path = Combine4.swift; sourceTree = "<group>"; };
		810B54252C8FE83A00A5C741 /* Combine4ViewModel.swift */ = {isa = PBXFileReference; lastKnownFileType = sourcecode.swift; path = Combine4ViewModel.swift; sourceTree = "<group>"; };
		810B54272C8FED5700A5C741 /* Combine5ViewModel.swift */ = {isa = PBXFileReference; lastKnownFileType = sourcecode.swift; path = Combine5ViewModel.swift; sourceTree = "<group>"; };
		810B54292C8FED9700A5C741 /* Combine5.swift */ = {isa = PBXFileReference; lastKnownFileType = sourcecode.swift; path = Combine5.swift; sourceTree = "<group>"; };
		812445D32C8698D8001951BB /* NetworkView1.swift */ = {isa = PBXFileReference; lastKnownFileType = sourcecode.swift; path = NetworkView1.swift; sourceTree = "<group>"; };
		812445D52C86A832001951BB /* NetworkView2.swift */ = {isa = PBXFileReference; lastKnownFileType = sourcecode.swift; path = NetworkView2.swift; sourceTree = "<group>"; };
		812445D72C86AF15001951BB /* Network.swift */ = {isa = PBXFileReference; lastKnownFileType = sourcecode.swift; path = Network.swift; sourceTree = "<group>"; };
		8136B99E2C9121C200CF6C53 /* Concurrency1.swift */ = {isa = PBXFileReference; lastKnownFileType = sourcecode.swift; path = Concurrency1.swift; sourceTree = "<group>"; };
		8136B9A02C91223E00CF6C53 /* Concurrency1VC.swift */ = {isa = PBXFileReference; lastKnownFileType = sourcecode.swift; path = Concurrency1VC.swift; sourceTree = "<group>"; };
		8136B9A22C91272600CF6C53 /* Concurrency1Manager.swift */ = {isa = PBXFileReference; lastKnownFileType = sourcecode.swift; path = Concurrency1Manager.swift; sourceTree = "<group>"; };
		814CE44C2C87E546006C9199 /* ObservableObject1.swift */ = {isa = PBXFileReference; lastKnownFileType = sourcecode.swift; path = ObservableObject1.swift; sourceTree = "<group>"; };
		814CE44E2C87E6AB006C9199 /* NavigationView1.swift */ = {isa = PBXFileReference; lastKnownFileType = sourcecode.swift; path = NavigationView1.swift; sourceTree = "<group>"; };
		814CE4502C87EE80006C9199 /* NavigatingWrapper.swift */ = {isa = PBXFileReference; lastKnownFileType = sourcecode.swift; path = NavigatingWrapper.swift; sourceTree = "<group>"; };
		814CE4532C8869F6006C9199 /* RandomImage.swift */ = {isa = PBXFileReference; lastKnownFileType = sourcecode.swift; path = RandomImage.swift; sourceTree = "<group>"; };
		814CE4552C8880DD006C9199 /* CategoryView.swift */ = {isa = PBXFileReference; lastKnownFileType = sourcecode.swift; path = CategoryView.swift; sourceTree = "<group>"; };
		818520FE2C9275D000A13C99 /* Socket1.swift */ = {isa = PBXFileReference; lastKnownFileType = sourcecode.swift; path = Socket1.swift; sourceTree = "<group>"; };
		818521002C92805D00A13C99 /* SocketManager.swift */ = {isa = PBXFileReference; lastKnownFileType = sourcecode.swift; path = SocketManager.swift; sourceTree = "<group>"; };
		818521022C928F8700A13C99 /* Orderbook.swift */ = {isa = PBXFileReference; lastKnownFileType = sourcecode.swift; path = Orderbook.swift; sourceTree = "<group>"; };
		818521042C92912A00A13C99 /* Socket1ViewModel.swift */ = {isa = PBXFileReference; lastKnownFileType = sourcecode.swift; path = Socket1ViewModel.swift; sourceTree = "<group>"; };
		818521132C92AE0900A13C99 /* ChartView1.swift */ = {isa = PBXFileReference; lastKnownFileType = sourcecode.swift; path = ChartView1.swift; sourceTree = "<group>"; };
		818521182C92B39A00A13C99 /* TodoView1.swift */ = {isa = PBXFileReference; lastKnownFileType = sourcecode.swift; path = TodoView1.swift; sourceTree = "<group>"; };
		8185211A2C92BDDF00A13C99 /* TodoRealm.swift */ = {isa = PBXFileReference; lastKnownFileType = sourcecode.swift; path = TodoRealm.swift; sourceTree = "<group>"; };
		81E25B8D2C8E7C1E005C3F09 /* Observable1.swift */ = {isa = PBXFileReference; lastKnownFileType = sourcecode.swift; path = Observable1.swift; sourceTree = "<group>"; };
		81E25B8F2C8E800A005C3F09 /* Observable2.swift */ = {isa = PBXFileReference; lastKnownFileType = sourcecode.swift; path = Observable2.swift; sourceTree = "<group>"; };
		81E25B912C8E8D73005C3F09 /* Observable3.swift */ = {isa = PBXFileReference; lastKnownFileType = sourcecode.swift; path = Observable3.swift; sourceTree = "<group>"; };
		81E25B932C8E9C07005C3F09 /* Info.plist */ = {isa = PBXFileReference; lastKnownFileType = text.plist; path = Info.plist; sourceTree = "<group>"; };
		81E25B942C8E9C2D005C3F09 /* swiftui-transitionNetwork.entitlements */ = {isa = PBXFileReference; lastKnownFileType = text.plist.entitlements; path = "swiftui-transitionNetwork.entitlements"; sourceTree = "<group>"; };
		81E25B952C8EACAD005C3F09 /* HealthkitTest.swift */ = {isa = PBXFileReference; lastKnownFileType = sourcecode.swift; path = HealthkitTest.swift; sourceTree = "<group>"; };
/* End PBXFileReference section */

/* Begin PBXFrameworksBuildPhase section */
		8105FE2F2C85427E005A1267 /* Frameworks */ = {
			isa = PBXFrameworksBuildPhase;
			buildActionMask = 2147483647;
			files = (
				818521172C92AE5600A13C99 /* RealmSwift in Frameworks */,
			);
			runOnlyForDeploymentPostprocessing = 0;
		};
/* End PBXFrameworksBuildPhase section */

/* Begin PBXGroup section */
		8105FE292C85427E005A1267 = {
			isa = PBXGroup;
			children = (
				8105FE342C85427E005A1267 /* swiftui-transitionNetwork */,
				8105FE332C85427E005A1267 /* Products */,
			);
			sourceTree = "<group>";
		};
		8105FE332C85427E005A1267 /* Products */ = {
			isa = PBXGroup;
			children = (
				8105FE322C85427E005A1267 /* swiftui-transitionNetwork.app */,
			);
			name = Products;
			sourceTree = "<group>";
		};
		8105FE342C85427E005A1267 /* swiftui-transitionNetwork */ = {
			isa = PBXGroup;
			children = (
				81E25B942C8E9C2D005C3F09 /* swiftui-transitionNetwork.entitlements */,
				81E25B932C8E9C07005C3F09 /* Info.plist */,
				818520FD2C9275A200A13C99 /* 240912 */,
				8136B99D2C911FF900CF6C53 /* 240911 */,
				810B54172C8FD4EC00A5C741 /* 240910 */,
				81E25B8C2C8E7C0B005C3F09 /* 240909 */,
				814CE4522C8869E1006C9199 /* 240904-assignment */,
				814CE44B2C87E530006C9199 /* 240904 */,
				812445D22C8698C2001951BB /* 240903 */,
				8105FE432C8542B7005A1267 /* 240902 */,
				8105FE352C85427E005A1267 /* swiftui_transitionNetworkApp.swift */,
				8105FE372C85427E005A1267 /* ContentView.swift */,
				8105FE392C85427F005A1267 /* Assets.xcassets */,
				8105FE3B2C85427F005A1267 /* Preview Content */,
			);
			path = "swiftui-transitionNetwork";
			sourceTree = "<group>";
		};
		8105FE3B2C85427F005A1267 /* Preview Content */ = {
			isa = PBXGroup;
			children = (
				8105FE3C2C85427F005A1267 /* Preview Assets.xcassets */,
			);
			path = "Preview Content";
			sourceTree = "<group>";
		};
		8105FE432C8542B7005A1267 /* 240902 */ = {
			isa = PBXGroup;
			children = (
				8105FE442C85439A005A1267 /* ContentView1.swift */,
				8105FE482C855532005A1267 /* ContentView2.swift */,
			);
			path = 240902;
			sourceTree = "<group>";
		};
		810B54172C8FD4EC00A5C741 /* 240910 */ = {
			isa = PBXGroup;
			children = (
				810B54242C8FE81700A5C741 /* ViewModel */,
				810B54182C8FD57200A5C741 /* Combine1.swift */,
				810B541A2C8FD79300A5C741 /* Combine2.swift */,
				810B541E2C8FDA5F00A5C741 /* Combine3.swift */,
				810B54222C8FE81200A5C741 /* Combine4.swift */,
				810B54292C8FED9700A5C741 /* Combine5.swift */,
			);
			path = 240910;
			sourceTree = "<group>";
		};
		810B54242C8FE81700A5C741 /* ViewModel */ = {
			isa = PBXGroup;
			children = (
				810B541C2C8FD7D700A5C741 /* Combine2ViewModel.swift */,
				810B54202C8FDA7B00A5C741 /* Combine3ViewModel.swift */,
				810B54252C8FE83A00A5C741 /* Combine4ViewModel.swift */,
				810B54272C8FED5700A5C741 /* Combine5ViewModel.swift */,
			);
			path = ViewModel;
			sourceTree = "<group>";
		};
		812445D22C8698C2001951BB /* 240903 */ = {
			isa = PBXGroup;
			children = (
				812445D32C8698D8001951BB /* NetworkView1.swift */,
				812445D52C86A832001951BB /* NetworkView2.swift */,
				812445D72C86AF15001951BB /* Network.swift */,
			);
			path = 240903;
			sourceTree = "<group>";
		};
		8136B99D2C911FF900CF6C53 /* 240911 */ = {
			isa = PBXGroup;
			children = (
				8136B99E2C9121C200CF6C53 /* Concurrency1.swift */,
				8136B9A02C91223E00CF6C53 /* Concurrency1VC.swift */,
				8136B9A22C91272600CF6C53 /* Concurrency1Manager.swift */,
			);
			path = 240911;
			sourceTree = "<group>";
		};
		814CE44B2C87E530006C9199 /* 240904 */ = {
			isa = PBXGroup;
			children = (
				814CE44C2C87E546006C9199 /* ObservableObject1.swift */,
				814CE44E2C87E6AB006C9199 /* NavigationView1.swift */,
				814CE4502C87EE80006C9199 /* NavigatingWrapper.swift */,
			);
			path = 240904;
			sourceTree = "<group>";
		};
		814CE4522C8869E1006C9199 /* 240904-assignment */ = {
			isa = PBXGroup;
			children = (
				814CE4532C8869F6006C9199 /* RandomImage.swift */,
				814CE4552C8880DD006C9199 /* CategoryView.swift */,
			);
			path = "240904-assignment";
			sourceTree = "<group>";
		};
		818520FD2C9275A200A13C99 /* 240912 */ = {
			isa = PBXGroup;
			children = (
				818521042C92912A00A13C99 /* Socket1ViewModel.swift */,
				818521022C928F8700A13C99 /* Orderbook.swift */,
				818520FE2C9275D000A13C99 /* Socket1.swift */,
				818521002C92805D00A13C99 /* SocketManager.swift */,
				818521132C92AE0900A13C99 /* ChartView1.swift */,
				818521182C92B39A00A13C99 /* TodoView1.swift */,
				8185211A2C92BDDF00A13C99 /* TodoRealm.swift */,
			);
			path = 240912;
			sourceTree = "<group>";
		};
		81E25B8C2C8E7C0B005C3F09 /* 240909 */ = {
			isa = PBXGroup;
			children = (
				81E25B8D2C8E7C1E005C3F09 /* Observable1.swift */,
				81E25B8F2C8E800A005C3F09 /* Observable2.swift */,
				81E25B912C8E8D73005C3F09 /* Observable3.swift */,
				81E25B952C8EACAD005C3F09 /* HealthkitTest.swift */,
			);
			path = 240909;
			sourceTree = "<group>";
		};
/* End PBXGroup section */

/* Begin PBXNativeTarget section */
		8105FE312C85427E005A1267 /* swiftui-transitionNetwork */ = {
			isa = PBXNativeTarget;
			buildConfigurationList = 8105FE402C85427F005A1267 /* Build configuration list for PBXNativeTarget "swiftui-transitionNetwork" */;
			buildPhases = (
				8105FE2E2C85427E005A1267 /* Sources */,
				8105FE2F2C85427E005A1267 /* Frameworks */,
				8105FE302C85427E005A1267 /* Resources */,
				8185211D2C92C21600A13C99 /* Embed Frameworks */,
			);
			buildRules = (
			);
			dependencies = (
			);
			name = "swiftui-transitionNetwork";
			packageProductDependencies = (
				818521162C92AE5600A13C99 /* RealmSwift */,
			);
			productName = "swiftui-transitionNetwork";
			productReference = 8105FE322C85427E005A1267 /* swiftui-transitionNetwork.app */;
			productType = "com.apple.product-type.application";
		};
/* End PBXNativeTarget section */

/* Begin PBXProject section */
		8105FE2A2C85427E005A1267 /* Project object */ = {
			isa = PBXProject;
			attributes = {
				BuildIndependentTargetsInParallel = 1;
				LastSwiftUpdateCheck = 1540;
				LastUpgradeCheck = 1540;
				TargetAttributes = {
					8105FE312C85427E005A1267 = {
						CreatedOnToolsVersion = 15.4;
					};
				};
			};
			buildConfigurationList = 8105FE2D2C85427E005A1267 /* Build configuration list for PBXProject "swiftui-transitionNetwork" */;
			compatibilityVersion = "Xcode 14.0";
			developmentRegion = en;
			hasScannedForEncodings = 0;
			knownRegions = (
				en,
				Base,
			);
			mainGroup = 8105FE292C85427E005A1267;
			packageReferences = (
				818521152C92AE5600A13C99 /* XCRemoteSwiftPackageReference "realm-swift" */,
			);
			productRefGroup = 8105FE332C85427E005A1267 /* Products */;
			projectDirPath = "";
			projectRoot = "";
			targets = (
				8105FE312C85427E005A1267 /* swiftui-transitionNetwork */,
			);
		};
/* End PBXProject section */

/* Begin PBXResourcesBuildPhase section */
		8105FE302C85427E005A1267 /* Resources */ = {
			isa = PBXResourcesBuildPhase;
			buildActionMask = 2147483647;
			files = (
				8105FE3D2C85427F005A1267 /* Preview Assets.xcassets in Resources */,
				8105FE3A2C85427F005A1267 /* Assets.xcassets in Resources */,
			);
			runOnlyForDeploymentPostprocessing = 0;
		};
/* End PBXResourcesBuildPhase section */

/* Begin PBXSourcesBuildPhase section */
		8105FE2E2C85427E005A1267 /* Sources */ = {
			isa = PBXSourcesBuildPhase;
			buildActionMask = 2147483647;
			files = (
				8105FE452C85439A005A1267 /* ContentView1.swift in Sources */,
				8105FE492C855532005A1267 /* ContentView2.swift in Sources */,
				810B542A2C8FED9700A5C741 /* Combine5.swift in Sources */,
				818521142C92AE0900A13C99 /* ChartView1.swift in Sources */,
				814CE4562C8880DD006C9199 /* CategoryView.swift in Sources */,
				818521012C92805D00A13C99 /* SocketManager.swift in Sources */,
				8136B9A12C91223E00CF6C53 /* Concurrency1VC.swift in Sources */,
				8105FE382C85427E005A1267 /* ContentView.swift in Sources */,
				818521032C928F8700A13C99 /* Orderbook.swift in Sources */,
				818520FF2C9275D000A13C99 /* Socket1.swift in Sources */,
				814CE4512C87EE80006C9199 /* NavigatingWrapper.swift in Sources */,
				8105FE362C85427E005A1267 /* swiftui_transitionNetworkApp.swift in Sources */,
				810B54192C8FD57200A5C741 /* Combine1.swift in Sources */,
				812445D62C86A832001951BB /* NetworkView2.swift in Sources */,
				818521192C92B39A00A13C99 /* TodoView1.swift in Sources */,
				810B541D2C8FD7D700A5C741 /* Combine2ViewModel.swift in Sources */,
				81E25B922C8E8D73005C3F09 /* Observable3.swift in Sources */,
				810B54262C8FE83A00A5C741 /* Combine4ViewModel.swift in Sources */,
				81E25B902C8E800A005C3F09 /* Observable2.swift in Sources */,
				814CE44F2C87E6AB006C9199 /* NavigationView1.swift in Sources */,
				8136B9A32C91272600CF6C53 /* Concurrency1Manager.swift in Sources */,
				814CE4542C8869F6006C9199 /* RandomImage.swift in Sources */,
				812445D82C86AF15001951BB /* Network.swift in Sources */,
				81E25B962C8EACAD005C3F09 /* HealthkitTest.swift in Sources */,
				810B54212C8FDA7B00A5C741 /* Combine3ViewModel.swift in Sources */,
				818521052C92912A00A13C99 /* Socket1ViewModel.swift in Sources */,
				810B54232C8FE81200A5C741 /* Combine4.swift in Sources */,
				8136B99F2C9121C200CF6C53 /* Concurrency1.swift in Sources */,
				81E25B8E2C8E7C1E005C3F09 /* Observable1.swift in Sources */,
				810B54282C8FED5700A5C741 /* Combine5ViewModel.swift in Sources */,
				8185211B2C92BDDF00A13C99 /* TodoRealm.swift in Sources */,
				812445D42C8698D8001951BB /* NetworkView1.swift in Sources */,
				810B541F2C8FDA5F00A5C741 /* Combine3.swift in Sources */,
				810B541B2C8FD79300A5C741 /* Combine2.swift in Sources */,
				814CE44D2C87E546006C9199 /* ObservableObject1.swift in Sources */,
			);
			runOnlyForDeploymentPostprocessing = 0;
		};
/* End PBXSourcesBuildPhase section */

/* Begin XCBuildConfiguration section */
		8105FE3E2C85427F005A1267 /* Debug */ = {
			isa = XCBuildConfiguration;
			buildSettings = {
				ALWAYS_SEARCH_USER_PATHS = NO;
				ASSETCATALOG_COMPILER_GENERATE_SWIFT_ASSET_SYMBOL_EXTENSIONS = YES;
				CLANG_ANALYZER_NONNULL = YES;
				CLANG_ANALYZER_NUMBER_OBJECT_CONVERSION = YES_AGGRESSIVE;
				CLANG_CXX_LANGUAGE_STANDARD = "gnu++20";
				CLANG_ENABLE_MODULES = YES;
				CLANG_ENABLE_OBJC_ARC = YES;
				CLANG_ENABLE_OBJC_WEAK = YES;
				CLANG_WARN_BLOCK_CAPTURE_AUTORELEASING = YES;
				CLANG_WARN_BOOL_CONVERSION = YES;
				CLANG_WARN_COMMA = YES;
				CLANG_WARN_CONSTANT_CONVERSION = YES;
				CLANG_WARN_DEPRECATED_OBJC_IMPLEMENTATIONS = YES;
				CLANG_WARN_DIRECT_OBJC_ISA_USAGE = YES_ERROR;
				CLANG_WARN_DOCUMENTATION_COMMENTS = YES;
				CLANG_WARN_EMPTY_BODY = YES;
				CLANG_WARN_ENUM_CONVERSION = YES;
				CLANG_WARN_INFINITE_RECURSION = YES;
				CLANG_WARN_INT_CONVERSION = YES;
				CLANG_WARN_NON_LITERAL_NULL_CONVERSION = YES;
				CLANG_WARN_OBJC_IMPLICIT_RETAIN_SELF = YES;
				CLANG_WARN_OBJC_LITERAL_CONVERSION = YES;
				CLANG_WARN_OBJC_ROOT_CLASS = YES_ERROR;
				CLANG_WARN_QUOTED_INCLUDE_IN_FRAMEWORK_HEADER = YES;
				CLANG_WARN_RANGE_LOOP_ANALYSIS = YES;
				CLANG_WARN_STRICT_PROTOTYPES = YES;
				CLANG_WARN_SUSPICIOUS_MOVE = YES;
				CLANG_WARN_UNGUARDED_AVAILABILITY = YES_AGGRESSIVE;
				CLANG_WARN_UNREACHABLE_CODE = YES;
				CLANG_WARN__DUPLICATE_METHOD_MATCH = YES;
				COPY_PHASE_STRIP = NO;
				DEBUG_INFORMATION_FORMAT = dwarf;
				ENABLE_STRICT_OBJC_MSGSEND = YES;
				ENABLE_TESTABILITY = YES;
				ENABLE_USER_SCRIPT_SANDBOXING = YES;
				GCC_C_LANGUAGE_STANDARD = gnu17;
				GCC_DYNAMIC_NO_PIC = NO;
				GCC_NO_COMMON_BLOCKS = YES;
				GCC_OPTIMIZATION_LEVEL = 0;
				GCC_PREPROCESSOR_DEFINITIONS = (
					"DEBUG=1",
					"$(inherited)",
				);
				GCC_WARN_64_TO_32_BIT_CONVERSION = YES;
				GCC_WARN_ABOUT_RETURN_TYPE = YES_ERROR;
				GCC_WARN_UNDECLARED_SELECTOR = YES;
				GCC_WARN_UNINITIALIZED_AUTOS = YES_AGGRESSIVE;
				GCC_WARN_UNUSED_FUNCTION = YES;
				GCC_WARN_UNUSED_VARIABLE = YES;
				IPHONEOS_DEPLOYMENT_TARGET = 17.5;
				LOCALIZATION_PREFERS_STRING_CATALOGS = YES;
				MTL_ENABLE_DEBUG_INFO = INCLUDE_SOURCE;
				MTL_FAST_MATH = YES;
				ONLY_ACTIVE_ARCH = YES;
				SDKROOT = iphoneos;
				SWIFT_ACTIVE_COMPILATION_CONDITIONS = "DEBUG $(inherited)";
				SWIFT_OPTIMIZATION_LEVEL = "-Onone";
			};
			name = Debug;
		};
		8105FE3F2C85427F005A1267 /* Release */ = {
			isa = XCBuildConfiguration;
			buildSettings = {
				ALWAYS_SEARCH_USER_PATHS = NO;
				ASSETCATALOG_COMPILER_GENERATE_SWIFT_ASSET_SYMBOL_EXTENSIONS = YES;
				CLANG_ANALYZER_NONNULL = YES;
				CLANG_ANALYZER_NUMBER_OBJECT_CONVERSION = YES_AGGRESSIVE;
				CLANG_CXX_LANGUAGE_STANDARD = "gnu++20";
				CLANG_ENABLE_MODULES = YES;
				CLANG_ENABLE_OBJC_ARC = YES;
				CLANG_ENABLE_OBJC_WEAK = YES;
				CLANG_WARN_BLOCK_CAPTURE_AUTORELEASING = YES;
				CLANG_WARN_BOOL_CONVERSION = YES;
				CLANG_WARN_COMMA = YES;
				CLANG_WARN_CONSTANT_CONVERSION = YES;
				CLANG_WARN_DEPRECATED_OBJC_IMPLEMENTATIONS = YES;
				CLANG_WARN_DIRECT_OBJC_ISA_USAGE = YES_ERROR;
				CLANG_WARN_DOCUMENTATION_COMMENTS = YES;
				CLANG_WARN_EMPTY_BODY = YES;
				CLANG_WARN_ENUM_CONVERSION = YES;
				CLANG_WARN_INFINITE_RECURSION = YES;
				CLANG_WARN_INT_CONVERSION = YES;
				CLANG_WARN_NON_LITERAL_NULL_CONVERSION = YES;
				CLANG_WARN_OBJC_IMPLICIT_RETAIN_SELF = YES;
				CLANG_WARN_OBJC_LITERAL_CONVERSION = YES;
				CLANG_WARN_OBJC_ROOT_CLASS = YES_ERROR;
				CLANG_WARN_QUOTED_INCLUDE_IN_FRAMEWORK_HEADER = YES;
				CLANG_WARN_RANGE_LOOP_ANALYSIS = YES;
				CLANG_WARN_STRICT_PROTOTYPES = YES;
				CLANG_WARN_SUSPICIOUS_MOVE = YES;
				CLANG_WARN_UNGUARDED_AVAILABILITY = YES_AGGRESSIVE;
				CLANG_WARN_UNREACHABLE_CODE = YES;
				CLANG_WARN__DUPLICATE_METHOD_MATCH = YES;
				COPY_PHASE_STRIP = NO;
				DEBUG_INFORMATION_FORMAT = "dwarf-with-dsym";
				ENABLE_NS_ASSERTIONS = NO;
				ENABLE_STRICT_OBJC_MSGSEND = YES;
				ENABLE_USER_SCRIPT_SANDBOXING = YES;
				GCC_C_LANGUAGE_STANDARD = gnu17;
				GCC_NO_COMMON_BLOCKS = YES;
				GCC_WARN_64_TO_32_BIT_CONVERSION = YES;
				GCC_WARN_ABOUT_RETURN_TYPE = YES_ERROR;
				GCC_WARN_UNDECLARED_SELECTOR = YES;
				GCC_WARN_UNINITIALIZED_AUTOS = YES_AGGRESSIVE;
				GCC_WARN_UNUSED_FUNCTION = YES;
				GCC_WARN_UNUSED_VARIABLE = YES;
				IPHONEOS_DEPLOYMENT_TARGET = 17.5;
				LOCALIZATION_PREFERS_STRING_CATALOGS = YES;
				MTL_ENABLE_DEBUG_INFO = NO;
				MTL_FAST_MATH = YES;
				SDKROOT = iphoneos;
				SWIFT_COMPILATION_MODE = wholemodule;
				VALIDATE_PRODUCT = YES;
			};
			name = Release;
		};
		8105FE412C85427F005A1267 /* Debug */ = {
			isa = XCBuildConfiguration;
			buildSettings = {
				ASSETCATALOG_COMPILER_APPICON_NAME = AppIcon;
				ASSETCATALOG_COMPILER_GLOBAL_ACCENT_COLOR_NAME = AccentColor;
				CODE_SIGN_ENTITLEMENTS = "swiftui-transitionNetwork/swiftui-transitionNetwork.entitlements";
				CODE_SIGN_STYLE = Automatic;
				CURRENT_PROJECT_VERSION = 1;
				DEVELOPMENT_ASSET_PATHS = "\"swiftui-transitionNetwork/Preview Content\"";
				DEVELOPMENT_TEAM = YM49LMS87D;
				ENABLE_PREVIEWS = YES;
				GENERATE_INFOPLIST_FILE = YES;
				INFOPLIST_FILE = "swiftui-transitionNetwork/Info.plist";
				INFOPLIST_KEY_NSHealthShareUsageDescription = "건강 데이터를 활용하는데 사용됩니다.";
				INFOPLIST_KEY_NSHealthUpdateUsageDescription = "건강 데이터를 업데이트 하는데 사용됩니다.";
				INFOPLIST_KEY_UIApplicationSceneManifest_Generation = YES;
				INFOPLIST_KEY_UIApplicationSupportsIndirectInputEvents = YES;
				INFOPLIST_KEY_UILaunchScreen_Generation = YES;
				INFOPLIST_KEY_UISupportedInterfaceOrientations_iPad = "UIInterfaceOrientationPortrait UIInterfaceOrientationPortraitUpsideDown UIInterfaceOrientationLandscapeLeft UIInterfaceOrientationLandscapeRight";
				INFOPLIST_KEY_UISupportedInterfaceOrientations_iPhone = "UIInterfaceOrientationPortrait UIInterfaceOrientationLandscapeLeft UIInterfaceOrientationLandscapeRight";
				LD_RUNPATH_SEARCH_PATHS = (
					"$(inherited)",
					"@executable_path/Frameworks",
				);
				MARKETING_VERSION = 1.0;
				PRODUCT_BUNDLE_IDENTIFIER = "teamhk.swiftui-transitionNetwork";
				PRODUCT_NAME = "$(TARGET_NAME)";
				SWIFT_EMIT_LOC_STRINGS = YES;
				SWIFT_VERSION = 5.0;
				TARGETED_DEVICE_FAMILY = "1,2";
			};
			name = Debug;
		};
		8105FE422C85427F005A1267 /* Release */ = {
			isa = XCBuildConfiguration;
			buildSettings = {
				ASSETCATALOG_COMPILER_APPICON_NAME = AppIcon;
				ASSETCATALOG_COMPILER_GLOBAL_ACCENT_COLOR_NAME = AccentColor;
				CODE_SIGN_ENTITLEMENTS = "swiftui-transitionNetwork/swiftui-transitionNetwork.entitlements";
				CODE_SIGN_STYLE = Automatic;
				CURRENT_PROJECT_VERSION = 1;
				DEVELOPMENT_ASSET_PATHS = "\"swiftui-transitionNetwork/Preview Content\"";
				DEVELOPMENT_TEAM = YM49LMS87D;
				ENABLE_PREVIEWS = YES;
				GENERATE_INFOPLIST_FILE = YES;
				INFOPLIST_FILE = "swiftui-transitionNetwork/Info.plist";
				INFOPLIST_KEY_NSHealthShareUsageDescription = "건강 데이터를 활용하는데 사용됩니다.";
				INFOPLIST_KEY_NSHealthUpdateUsageDescription = "건강 데이터를 업데이트 하는데 사용됩니다.";
				INFOPLIST_KEY_UIApplicationSceneManifest_Generation = YES;
				INFOPLIST_KEY_UIApplicationSupportsIndirectInputEvents = YES;
				INFOPLIST_KEY_UILaunchScreen_Generation = YES;
				INFOPLIST_KEY_UISupportedInterfaceOrientations_iPad = "UIInterfaceOrientationPortrait UIInterfaceOrientationPortraitUpsideDown UIInterfaceOrientationLandscapeLeft UIInterfaceOrientationLandscapeRight";
				INFOPLIST_KEY_UISupportedInterfaceOrientations_iPhone = "UIInterfaceOrientationPortrait UIInterfaceOrientationLandscapeLeft UIInterfaceOrientationLandscapeRight";
				LD_RUNPATH_SEARCH_PATHS = (
					"$(inherited)",
					"@executable_path/Frameworks",
				);
				MARKETING_VERSION = 1.0;
				PRODUCT_BUNDLE_IDENTIFIER = "teamhk.swiftui-transitionNetwork";
				PRODUCT_NAME = "$(TARGET_NAME)";
				SWIFT_EMIT_LOC_STRINGS = YES;
				SWIFT_VERSION = 5.0;
				TARGETED_DEVICE_FAMILY = "1,2";
			};
			name = Release;
		};
/* End XCBuildConfiguration section */

/* Begin XCConfigurationList section */
		8105FE2D2C85427E005A1267 /* Build configuration list for PBXProject "swiftui-transitionNetwork" */ = {
			isa = XCConfigurationList;
			buildConfigurations = (
				8105FE3E2C85427F005A1267 /* Debug */,
				8105FE3F2C85427F005A1267 /* Release */,
			);
			defaultConfigurationIsVisible = 0;
			defaultConfigurationName = Release;
		};
		8105FE402C85427F005A1267 /* Build configuration list for PBXNativeTarget "swiftui-transitionNetwork" */ = {
			isa = XCConfigurationList;
			buildConfigurations = (
				8105FE412C85427F005A1267 /* Debug */,
				8105FE422C85427F005A1267 /* Release */,
			);
			defaultConfigurationIsVisible = 0;
			defaultConfigurationName = Release;
		};
/* End XCConfigurationList section */

/* Begin XCRemoteSwiftPackageReference section */
		818521152C92AE5600A13C99 /* XCRemoteSwiftPackageReference "realm-swift" */ = {
			isa = XCRemoteSwiftPackageReference;
			repositoryURL = "https://github.com/realm/realm-swift.git";
			requirement = {
				kind = exactVersion;
				version = 20.0.0;
			};
		};
/* End XCRemoteSwiftPackageReference section */

/* Begin XCSwiftPackageProductDependency section */
		818521162C92AE5600A13C99 /* RealmSwift */ = {
			isa = XCSwiftPackageProductDependency;
			package = 818521152C92AE5600A13C99 /* XCRemoteSwiftPackageReference "realm-swift" */;
			productName = RealmSwift;
		};
/* End XCSwiftPackageProductDependency section */
	};
	rootObject = 8105FE2A2C85427E005A1267 /* Project object */;
}
