// !$*UTF8*$!
{
	archiveVersion = 1;
	classes = {
	};
	objectVersion = 56;
	objects = {

/* Begin PBXBuildFile section */
		8105FE362C85427E005A1267 /* swiftui_transitionNetworkApp.swift in Sources */ = {isa = PBXBuildFile; fileRef = 8105FE352C85427E005A1267 /* swiftui_transitionNetworkApp.swift */; };
		8105FE382C85427E005A1267 /* ContentView.swift in Sources */ = {isa = PBXBuildFile; fileRef = 8105FE372C85427E005A1267 /* ContentView.swift */; };
		8105FE3A2C85427F005A1267 /* Assets.xcassets in Resources */ = {isa = PBXBuildFile; fileRef = 8105FE392C85427F005A1267 /* Assets.xcassets */; };
		8105FE3D2C85427F005A1267 /* Preview Assets.xcassets in Resources */ = {isa = PBXBuildFile; fileRef = 8105FE3C2C85427F005A1267 /* Preview Assets.xcassets */; };
		8105FE452C85439A005A1267 /* ContentView1.swift in Sources */ = {isa = PBXBuildFile; fileRef = 8105FE442C85439A005A1267 /* ContentView1.swift */; };
		8105FE492C855532005A1267 /* ContentView2.swift in Sources */ = {isa = PBXBuildFile; fileRef = 8105FE482C855532005A1267 /* ContentView2.swift */; };
		812445D42C8698D8001951BB /* NetworkView1.swift in Sources */ = {isa = PBXBuildFile; fileRef = 812445D32C8698D8001951BB /* NetworkView1.swift */; };
		812445D62C86A832001951BB /* NetworkView2.swift in Sources */ = {isa = PBXBuildFile; fileRef = 812445D52C86A832001951BB /* NetworkView2.swift */; };
		812445D82C86AF15001951BB /* Network.swift in Sources */ = {isa = PBXBuildFile; fileRef = 812445D72C86AF15001951BB /* Network.swift */; };
		814CE44D2C87E546006C9199 /* ObservableObject1.swift in Sources */ = {isa = PBXBuildFile; fileRef = 814CE44C2C87E546006C9199 /* ObservableObject1.swift */; };
		814CE44F2C87E6AB006C9199 /* NavigationView1.swift in Sources */ = {isa = PBXBuildFile; fileRef = 814CE44E2C87E6AB006C9199 /* NavigationView1.swift */; };
		814CE4512C87EE80006C9199 /* NavigatingWrapper.swift in Sources */ = {isa = PBXBuildFile; fileRef = 814CE4502C87EE80006C9199 /* NavigatingWrapper.swift */; };
		814CE4542C8869F6006C9199 /* RandomImage.swift in Sources */ = {isa = PBXBuildFile; fileRef = 814CE4532C8869F6006C9199 /* RandomImage.swift */; };
		814CE4562C8880DD006C9199 /* CategoryView.swift in Sources */ = {isa = PBXBuildFile; fileRef = 814CE4552C8880DD006C9199 /* CategoryView.swift */; };
		81E25B8E2C8E7C1E005C3F09 /* Observable1.swift in Sources */ = {isa = PBXBuildFile; fileRef = 81E25B8D2C8E7C1E005C3F09 /* Observable1.swift */; };
		81E25B902C8E800A005C3F09 /* Observable2.swift in Sources */ = {isa = PBXBuildFile; fileRef = 81E25B8F2C8E800A005C3F09 /* Observable2.swift */; };
		81E25B922C8E8D73005C3F09 /* Observable3.swift in Sources */ = {isa = PBXBuildFile; fileRef = 81E25B912C8E8D73005C3F09 /* Observable3.swift */; };
		81E25B962C8EACAD005C3F09 /* HealthkitTest.swift in Sources */ = {isa = PBXBuildFile; fileRef = 81E25B952C8EACAD005C3F09 /* HealthkitTest.swift */; };
/* End PBXBuildFile section */

/* Begin PBXFileReference section */
		8105FE322C85427E005A1267 /* swiftui-transitionNetwork.app */ = {isa = PBXFileReference; explicitFileType = wrapper.application; includeInIndex = 0; path = "swiftui-transitionNetwork.app"; sourceTree = BUILT_PRODUCTS_DIR; };
		8105FE352C85427E005A1267 /* swiftui_transitionNetworkApp.swift */ = {isa = PBXFileReference; lastKnownFileType = sourcecode.swift; path = swiftui_transitionNetworkApp.swift; sourceTree = "<group>"; };
		8105FE372C85427E005A1267 /* ContentView.swift */ = {isa = PBXFileReference; lastKnownFileType = sourcecode.swift; path = ContentView.swift; sourceTree = "<group>"; };
		8105FE392C85427F005A1267 /* Assets.xcassets */ = {isa = PBXFileReference; lastKnownFileType = folder.assetcatalog; path = Assets.xcassets; sourceTree = "<group>"; };
		8105FE3C2C85427F005A1267 /* Preview Assets.xcassets */ = {isa = PBXFileReference; lastKnownFileType = folder.assetcatalog; path = "Preview Assets.xcassets"; sourceTree = "<group>"; };
		8105FE442C85439A005A1267 /* ContentView1.swift */ = {isa = PBXFileReference; lastKnownFileType = sourcecode.swift; path = ContentView1.swift; sourceTree = "<group>"; };
		8105FE482C855532005A1267 /* ContentView2.swift */ = {isa = PBXFileReference; lastKnownFileType = sourcecode.swift; path = ContentView2.swift; sourceTree = "<group>"; };
		812445D32C8698D8001951BB /* NetworkView1.swift */ = {isa = PBXFileReference; lastKnownFileType = sourcecode.swift; path = NetworkView1.swift; sourceTree = "<group>"; };
		812445D52C86A832001951BB /* NetworkView2.swift */ = {isa = PBXFileReference; lastKnownFileType = sourcecode.swift; path = NetworkView2.swift; sourceTree = "<group>"; };
		812445D72C86AF15001951BB /* Network.swift */ = {isa = PBXFileReference; lastKnownFileType = sourcecode.swift; path = Network.swift; sourceTree = "<group>"; };
		814CE44C2C87E546006C9199 /* ObservableObject1.swift */ = {isa = PBXFileReference; lastKnownFileType = sourcecode.swift; path = ObservableObject1.swift; sourceTree = "<group>"; };
		814CE44E2C87E6AB006C9199 /* NavigationView1.swift */ = {isa = PBXFileReference; lastKnownFileType = sourcecode.swift; path = NavigationView1.swift; sourceTree = "<group>"; };
		814CE4502C87EE80006C9199 /* NavigatingWrapper.swift */ = {isa = PBXFileReference; lastKnownFileType = sourcecode.swift; path = NavigatingWrapper.swift; sourceTree = "<group>"; };
		814CE4532C8869F6006C9199 /* RandomImage.swift */ = {isa = PBXFileReference; lastKnownFileType = sourcecode.swift; path = RandomImage.swift; sourceTree = "<group>"; };
		814CE4552C8880DD006C9199 /* CategoryView.swift */ = {isa = PBXFileReference; lastKnownFileType = sourcecode.swift; path = CategoryView.swift; sourceTree = "<group>"; };
		81E25B8D2C8E7C1E005C3F09 /* Observable1.swift */ = {isa = PBXFileReference; lastKnownFileType = sourcecode.swift; path = Observable1.swift; sourceTree = "<group>"; };
		81E25B8F2C8E800A005C3F09 /* Observable2.swift */ = {isa = PBXFileReference; lastKnownFileType = sourcecode.swift; path = Observable2.swift; sourceTree = "<group>"; };
		81E25B912C8E8D73005C3F09 /* Observable3.swift */ = {isa = PBXFileReference; lastKnownFileType = sourcecode.swift; path = Observable3.swift; sourceTree = "<group>"; };
		81E25B932C8E9C07005C3F09 /* Info.plist */ = {isa = PBXFileReference; lastKnownFileType = text.plist; path = Info.plist; sourceTree = "<group>"; };
		81E25B942C8E9C2D005C3F09 /* swiftui-transitionNetwork.entitlements */ = {isa = PBXFileReference; lastKnownFileType = text.plist.entitlements; path = "swiftui-transitionNetwork.entitlements"; sourceTree = "<group>"; };
		81E25B952C8EACAD005C3F09 /* HealthkitTest.swift */ = {isa = PBXFileReference; lastKnownFileType = sourcecode.swift; path = HealthkitTest.swift; sourceTree = "<group>"; };
/* End PBXFileReference section */

/* Begin PBXFrameworksBuildPhase section */
		8105FE2F2C85427E005A1267 /* Frameworks */ = {
			isa = PBXFrameworksBuildPhase;
			buildActionMask = 2147483647;
			files = (
			);
			runOnlyForDeploymentPostprocessing = 0;
		};
/* End PBXFrameworksBuildPhase section */

/* Begin PBXGroup section */
		8105FE292C85427E005A1267 = {
			isa = PBXGroup;
			children = (
				8105FE342C85427E005A1267 /* swiftui-transitionNetwork */,
				8105FE332C85427E005A1267 /* Products */,
			);
			sourceTree = "<group>";
		};
		8105FE332C85427E005A1267 /* Products */ = {
			isa = PBXGroup;
			children = (
				8105FE322C85427E005A1267 /* swiftui-transitionNetwork.app */,
			);
			name = Products;
			sourceTree = "<group>";
		};
		8105FE342C85427E005A1267 /* swiftui-transitionNetwork */ = {
			isa = PBXGroup;
			children = (
				81E25B942C8E9C2D005C3F09 /* swiftui-transitionNetwork.entitlements */,
				81E25B932C8E9C07005C3F09 /* Info.plist */,
				81E25B8C2C8E7C0B005C3F09 /* 240909 */,
				814CE4522C8869E1006C9199 /* 240904-assignment */,
				814CE44B2C87E530006C9199 /* 240904 */,
				812445D22C8698C2001951BB /* 240903 */,
				8105FE432C8542B7005A1267 /* 240902 */,
				8105FE352C85427E005A1267 /* swiftui_transitionNetworkApp.swift */,
				8105FE372C85427E005A1267 /* ContentView.swift */,
				8105FE392C85427F005A1267 /* Assets.xcassets */,
				8105FE3B2C85427F005A1267 /* Preview Content */,
			);
			path = "swiftui-transitionNetwork";
			sourceTree = "<group>";
		};
		8105FE3B2C85427F005A1267 /* Preview Content */ = {
			isa = PBXGroup;
			children = (
				8105FE3C2C85427F005A1267 /* Preview Assets.xcassets */,
			);
			path = "Preview Content";
			sourceTree = "<group>";
		};
		8105FE432C8542B7005A1267 /* 240902 */ = {
			isa = PBXGroup;
			children = (
				8105FE442C85439A005A1267 /* ContentView1.swift */,
				8105FE482C855532005A1267 /* ContentView2.swift */,
			);
			path = 240902;
			sourceTree = "<group>";
		};
		812445D22C8698C2001951BB /* 240903 */ = {
			isa = PBXGroup;
			children = (
				812445D32C8698D8001951BB /* NetworkView1.swift */,
				812445D52C86A832001951BB /* NetworkView2.swift */,
				812445D72C86AF15001951BB /* Network.swift */,
			);
			path = 240903;
			sourceTree = "<group>";
		};
		814CE44B2C87E530006C9199 /* 240904 */ = {
			isa = PBXGroup;
			children = (
				814CE44C2C87E546006C9199 /* ObservableObject1.swift */,
				814CE44E2C87E6AB006C9199 /* NavigationView1.swift */,
				814CE4502C87EE80006C9199 /* NavigatingWrapper.swift */,
			);
			path = 240904;
			sourceTree = "<group>";
		};
		814CE4522C8869E1006C9199 /* 240904-assignment */ = {
			isa = PBXGroup;
			children = (
				814CE4532C8869F6006C9199 /* RandomImage.swift */,
				814CE4552C8880DD006C9199 /* CategoryView.swift */,
			);
			path = "240904-assignment";
			sourceTree = "<group>";
		};
		81E25B8C2C8E7C0B005C3F09 /* 240909 */ = {
			isa = PBXGroup;
			children = (
				81E25B8D2C8E7C1E005C3F09 /* Observable1.swift */,
				81E25B8F2C8E800A005C3F09 /* Observable2.swift */,
				81E25B912C8E8D73005C3F09 /* Observable3.swift */,
				81E25B952C8EACAD005C3F09 /* HealthkitTest.swift */,
			);
			path = 240909;
			sourceTree = "<group>";
		};
/* End PBXGroup section */

/* Begin PBXNativeTarget section */
		8105FE312C85427E005A1267 /* swiftui-transitionNetwork */ = {
			isa = PBXNativeTarget;
			buildConfigurationList = 8105FE402C85427F005A1267 /* Build configuration list for PBXNativeTarget "swiftui-transitionNetwork" */;
			buildPhases = (
				8105FE2E2C85427E005A1267 /* Sources */,
				8105FE2F2C85427E005A1267 /* Frameworks */,
				8105FE302C85427E005A1267 /* Resources */,
			);
			buildRules = (
			);
			dependencies = (
			);
			name = "swiftui-transitionNetwork";
			productName = "swiftui-transitionNetwork";
			productReference = 8105FE322C85427E005A1267 /* swiftui-transitionNetwork.app */;
			productType = "com.apple.product-type.application";
		};
/* End PBXNativeTarget section */

/* Begin PBXProject section */
		8105FE2A2C85427E005A1267 /* Project object */ = {
			isa = PBXProject;
			attributes = {
				BuildIndependentTargetsInParallel = 1;
				LastSwiftUpdateCheck = 1540;
				LastUpgradeCheck = 1540;
				TargetAttributes = {
					8105FE312C85427E005A1267 = {
						CreatedOnToolsVersion = 15.4;
					};
				};
			};
			buildConfigurationList = 8105FE2D2C85427E005A1267 /* Build configuration list for PBXProject "swiftui-transitionNetwork" */;
			compatibilityVersion = "Xcode 14.0";
			developmentRegion = en;
			hasScannedForEncodings = 0;
			knownRegions = (
				en,
				Base,
			);
			mainGroup = 8105FE292C85427E005A1267;
			productRefGroup = 8105FE332C85427E005A1267 /* Products */;
			projectDirPath = "";
			projectRoot = "";
			targets = (
				8105FE312C85427E005A1267 /* swiftui-transitionNetwork */,
			);
		};
/* End PBXProject section */

/* Begin PBXResourcesBuildPhase section */
		8105FE302C85427E005A1267 /* Resources */ = {
			isa = PBXResourcesBuildPhase;
			buildActionMask = 2147483647;
			files = (
				8105FE3D2C85427F005A1267 /* Preview Assets.xcassets in Resources */,
				8105FE3A2C85427F005A1267 /* Assets.xcassets in Resources */,
			);
			runOnlyForDeploymentPostprocessing = 0;
		};
/* End PBXResourcesBuildPhase section */

/* Begin PBXSourcesBuildPhase section */
		8105FE2E2C85427E005A1267 /* Sources */ = {
			isa = PBXSourcesBuildPhase;
			buildActionMask = 2147483647;
			files = (
				8105FE452C85439A005A1267 /* ContentView1.swift in Sources */,
				8105FE492C855532005A1267 /* ContentView2.swift in Sources */,
				814CE4562C8880DD006C9199 /* CategoryView.swift in Sources */,
				8105FE382C85427E005A1267 /* ContentView.swift in Sources */,
				814CE4512C87EE80006C9199 /* NavigatingWrapper.swift in Sources */,
				8105FE362C85427E005A1267 /* swiftui_transitionNetworkApp.swift in Sources */,
				812445D62C86A832001951BB /* NetworkView2.swift in Sources */,
				81E25B922C8E8D73005C3F09 /* Observable3.swift in Sources */,
				81E25B902C8E800A005C3F09 /* Observable2.swift in Sources */,
				814CE44F2C87E6AB006C9199 /* NavigationView1.swift in Sources */,
				814CE4542C8869F6006C9199 /* RandomImage.swift in Sources */,
				812445D82C86AF15001951BB /* Network.swift in Sources */,
				81E25B962C8EACAD005C3F09 /* HealthkitTest.swift in Sources */,
				81E25B8E2C8E7C1E005C3F09 /* Observable1.swift in Sources */,
				812445D42C8698D8001951BB /* NetworkView1.swift in Sources */,
				814CE44D2C87E546006C9199 /* ObservableObject1.swift in Sources */,
			);
			runOnlyForDeploymentPostprocessing = 0;
		};
/* End PBXSourcesBuildPhase section */

/* Begin XCBuildConfiguration section */
		8105FE3E2C85427F005A1267 /* Debug */ = {
			isa = XCBuildConfiguration;
			buildSettings = {
				ALWAYS_SEARCH_USER_PATHS = NO;
				ASSETCATALOG_COMPILER_GENERATE_SWIFT_ASSET_SYMBOL_EXTENSIONS = YES;
				CLANG_ANALYZER_NONNULL = YES;
				CLANG_ANALYZER_NUMBER_OBJECT_CONVERSION = YES_AGGRESSIVE;
				CLANG_CXX_LANGUAGE_STANDARD = "gnu++20";
				CLANG_ENABLE_MODULES = YES;
				CLANG_ENABLE_OBJC_ARC = YES;
				CLANG_ENABLE_OBJC_WEAK = YES;
				CLANG_WARN_BLOCK_CAPTURE_AUTORELEASING = YES;
				CLANG_WARN_BOOL_CONVERSION = YES;
				CLANG_WARN_COMMA = YES;
				CLANG_WARN_CONSTANT_CONVERSION = YES;
				CLANG_WARN_DEPRECATED_OBJC_IMPLEMENTATIONS = YES;
				CLANG_WARN_DIRECT_OBJC_ISA_USAGE = YES_ERROR;
				CLANG_WARN_DOCUMENTATION_COMMENTS = YES;
				CLANG_WARN_EMPTY_BODY = YES;
				CLANG_WARN_ENUM_CONVERSION = YES;
				CLANG_WARN_INFINITE_RECURSION = YES;
				CLANG_WARN_INT_CONVERSION = YES;
				CLANG_WARN_NON_LITERAL_NULL_CONVERSION = YES;
				CLANG_WARN_OBJC_IMPLICIT_RETAIN_SELF = YES;
				CLANG_WARN_OBJC_LITERAL_CONVERSION = YES;
				CLANG_WARN_OBJC_ROOT_CLASS = YES_ERROR;
				CLANG_WARN_QUOTED_INCLUDE_IN_FRAMEWORK_HEADER = YES;
				CLANG_WARN_RANGE_LOOP_ANALYSIS = YES;
				CLANG_WARN_STRICT_PROTOTYPES = YES;
				CLANG_WARN_SUSPICIOUS_MOVE = YES;
				CLANG_WARN_UNGUARDED_AVAILABILITY = YES_AGGRESSIVE;
				CLANG_WARN_UNREACHABLE_CODE = YES;
				CLANG_WARN__DUPLICATE_METHOD_MATCH = YES;
				COPY_PHASE_STRIP = NO;
				DEBUG_INFORMATION_FORMAT = dwarf;
				ENABLE_STRICT_OBJC_MSGSEND = YES;
				ENABLE_TESTABILITY = YES;
				ENABLE_USER_SCRIPT_SANDBOXING = YES;
				GCC_C_LANGUAGE_STANDARD = gnu17;
				GCC_DYNAMIC_NO_PIC = NO;
				GCC_NO_COMMON_BLOCKS = YES;
				GCC_OPTIMIZATION_LEVEL = 0;
				GCC_PREPROCESSOR_DEFINITIONS = (
					"DEBUG=1",
					"$(inherited)",
				);
				GCC_WARN_64_TO_32_BIT_CONVERSION = YES;
				GCC_WARN_ABOUT_RETURN_TYPE = YES_ERROR;
				GCC_WARN_UNDECLARED_SELECTOR = YES;
				GCC_WARN_UNINITIALIZED_AUTOS = YES_AGGRESSIVE;
				GCC_WARN_UNUSED_FUNCTION = YES;
				GCC_WARN_UNUSED_VARIABLE = YES;
				IPHONEOS_DEPLOYMENT_TARGET = 17.5;
				LOCALIZATION_PREFERS_STRING_CATALOGS = YES;
				MTL_ENABLE_DEBUG_INFO = INCLUDE_SOURCE;
				MTL_FAST_MATH = YES;
				ONLY_ACTIVE_ARCH = YES;
				SDKROOT = iphoneos;
				SWIFT_ACTIVE_COMPILATION_CONDITIONS = "DEBUG $(inherited)";
				SWIFT_OPTIMIZATION_LEVEL = "-Onone";
			};
			name = Debug;
		};
		8105FE3F2C85427F005A1267 /* Release */ = {
			isa = XCBuildConfiguration;
			buildSettings = {
				ALWAYS_SEARCH_USER_PATHS = NO;
				ASSETCATALOG_COMPILER_GENERATE_SWIFT_ASSET_SYMBOL_EXTENSIONS = YES;
				CLANG_ANALYZER_NONNULL = YES;
				CLANG_ANALYZER_NUMBER_OBJECT_CONVERSION = YES_AGGRESSIVE;
				CLANG_CXX_LANGUAGE_STANDARD = "gnu++20";
				CLANG_ENABLE_MODULES = YES;
				CLANG_ENABLE_OBJC_ARC = YES;
				CLANG_ENABLE_OBJC_WEAK = YES;
				CLANG_WARN_BLOCK_CAPTURE_AUTORELEASING = YES;
				CLANG_WARN_BOOL_CONVERSION = YES;
				CLANG_WARN_COMMA = YES;
				CLANG_WARN_CONSTANT_CONVERSION = YES;
				CLANG_WARN_DEPRECATED_OBJC_IMPLEMENTATIONS = YES;
				CLANG_WARN_DIRECT_OBJC_ISA_USAGE = YES_ERROR;
				CLANG_WARN_DOCUMENTATION_COMMENTS = YES;
				CLANG_WARN_EMPTY_BODY = YES;
				CLANG_WARN_ENUM_CONVERSION = YES;
				CLANG_WARN_INFINITE_RECURSION = YES;
				CLANG_WARN_INT_CONVERSION = YES;
				CLANG_WARN_NON_LITERAL_NULL_CONVERSION = YES;
				CLANG_WARN_OBJC_IMPLICIT_RETAIN_SELF = YES;
				CLANG_WARN_OBJC_LITERAL_CONVERSION = YES;
				CLANG_WARN_OBJC_ROOT_CLASS = YES_ERROR;
				CLANG_WARN_QUOTED_INCLUDE_IN_FRAMEWORK_HEADER = YES;
				CLANG_WARN_RANGE_LOOP_ANALYSIS = YES;
				CLANG_WARN_STRICT_PROTOTYPES = YES;
				CLANG_WARN_SUSPICIOUS_MOVE = YES;
				CLANG_WARN_UNGUARDED_AVAILABILITY = YES_AGGRESSIVE;
				CLANG_WARN_UNREACHABLE_CODE = YES;
				CLANG_WARN__DUPLICATE_METHOD_MATCH = YES;
				COPY_PHASE_STRIP = NO;
				DEBUG_INFORMATION_FORMAT = "dwarf-with-dsym";
				ENABLE_NS_ASSERTIONS = NO;
				ENABLE_STRICT_OBJC_MSGSEND = YES;
				ENABLE_USER_SCRIPT_SANDBOXING = YES;
				GCC_C_LANGUAGE_STANDARD = gnu17;
				GCC_NO_COMMON_BLOCKS = YES;
				GCC_WARN_64_TO_32_BIT_CONVERSION = YES;
				GCC_WARN_ABOUT_RETURN_TYPE = YES_ERROR;
				GCC_WARN_UNDECLARED_SELECTOR = YES;
				GCC_WARN_UNINITIALIZED_AUTOS = YES_AGGRESSIVE;
				GCC_WARN_UNUSED_FUNCTION = YES;
				GCC_WARN_UNUSED_VARIABLE = YES;
				IPHONEOS_DEPLOYMENT_TARGET = 17.5;
				LOCALIZATION_PREFERS_STRING_CATALOGS = YES;
				MTL_ENABLE_DEBUG_INFO = NO;
				MTL_FAST_MATH = YES;
				SDKROOT = iphoneos;
				SWIFT_COMPILATION_MODE = wholemodule;
				VALIDATE_PRODUCT = YES;
			};
			name = Release;
		};
		8105FE412C85427F005A1267 /* Debug */ = {
			isa = XCBuildConfiguration;
			buildSettings = {
				ASSETCATALOG_COMPILER_APPICON_NAME = AppIcon;
				ASSETCATALOG_COMPILER_GLOBAL_ACCENT_COLOR_NAME = AccentColor;
				CODE_SIGN_ENTITLEMENTS = "swiftui-transitionNetwork/swiftui-transitionNetwork.entitlements";
				CODE_SIGN_STYLE = Automatic;
				CURRENT_PROJECT_VERSION = 1;
				DEVELOPMENT_ASSET_PATHS = "\"swiftui-transitionNetwork/Preview Content\"";
				DEVELOPMENT_TEAM = YM49LMS87D;
				ENABLE_PREVIEWS = YES;
				GENERATE_INFOPLIST_FILE = YES;
				INFOPLIST_FILE = "swiftui-transitionNetwork/Info.plist";
				INFOPLIST_KEY_NSHealthShareUsageDescription = "건강 데이터를 활용하는데 사용됩니다.";
				INFOPLIST_KEY_NSHealthUpdateUsageDescription = "건강 데이터를 업데이트 하는데 사용됩니다.";
				INFOPLIST_KEY_UIApplicationSceneManifest_Generation = YES;
				INFOPLIST_KEY_UIApplicationSupportsIndirectInputEvents = YES;
				INFOPLIST_KEY_UILaunchScreen_Generation = YES;
				INFOPLIST_KEY_UISupportedInterfaceOrientations_iPad = "UIInterfaceOrientationPortrait UIInterfaceOrientationPortraitUpsideDown UIInterfaceOrientationLandscapeLeft UIInterfaceOrientationLandscapeRight";
				INFOPLIST_KEY_UISupportedInterfaceOrientations_iPhone = "UIInterfaceOrientationPortrait UIInterfaceOrientationLandscapeLeft UIInterfaceOrientationLandscapeRight";
				LD_RUNPATH_SEARCH_PATHS = (
					"$(inherited)",
					"@executable_path/Frameworks",
				);
				MARKETING_VERSION = 1.0;
				PRODUCT_BUNDLE_IDENTIFIER = "teamhk.swiftui-transitionNetwork";
				PRODUCT_NAME = "$(TARGET_NAME)";
				SWIFT_EMIT_LOC_STRINGS = YES;
				SWIFT_VERSION = 5.0;
				TARGETED_DEVICE_FAMILY = "1,2";
			};
			name = Debug;
		};
		8105FE422C85427F005A1267 /* Release */ = {
			isa = XCBuildConfiguration;
			buildSettings = {
				ASSETCATALOG_COMPILER_APPICON_NAME = AppIcon;
				ASSETCATALOG_COMPILER_GLOBAL_ACCENT_COLOR_NAME = AccentColor;
				CODE_SIGN_ENTITLEMENTS = "swiftui-transitionNetwork/swiftui-transitionNetwork.entitlements";
				CODE_SIGN_STYLE = Automatic;
				CURRENT_PROJECT_VERSION = 1;
				DEVELOPMENT_ASSET_PATHS = "\"swiftui-transitionNetwork/Preview Content\"";
				DEVELOPMENT_TEAM = YM49LMS87D;
				ENABLE_PREVIEWS = YES;
				GENERATE_INFOPLIST_FILE = YES;
				INFOPLIST_FILE = "swiftui-transitionNetwork/Info.plist";
				INFOPLIST_KEY_NSHealthShareUsageDescription = "건강 데이터를 활용하는데 사용됩니다.";
				INFOPLIST_KEY_NSHealthUpdateUsageDescription = "건강 데이터를 업데이트 하는데 사용됩니다.";
				INFOPLIST_KEY_UIApplicationSceneManifest_Generation = YES;
				INFOPLIST_KEY_UIApplicationSupportsIndirectInputEvents = YES;
				INFOPLIST_KEY_UILaunchScreen_Generation = YES;
				INFOPLIST_KEY_UISupportedInterfaceOrientations_iPad = "UIInterfaceOrientationPortrait UIInterfaceOrientationPortraitUpsideDown UIInterfaceOrientationLandscapeLeft UIInterfaceOrientationLandscapeRight";
				INFOPLIST_KEY_UISupportedInterfaceOrientations_iPhone = "UIInterfaceOrientationPortrait UIInterfaceOrientationLandscapeLeft UIInterfaceOrientationLandscapeRight";
				LD_RUNPATH_SEARCH_PATHS = (
					"$(inherited)",
					"@executable_path/Frameworks",
				);
				MARKETING_VERSION = 1.0;
				PRODUCT_BUNDLE_IDENTIFIER = "teamhk.swiftui-transitionNetwork";
				PRODUCT_NAME = "$(TARGET_NAME)";
				SWIFT_EMIT_LOC_STRINGS = YES;
				SWIFT_VERSION = 5.0;
				TARGETED_DEVICE_FAMILY = "1,2";
			};
			name = Release;
		};
/* End XCBuildConfiguration section */

/* Begin XCConfigurationList section */
		8105FE2D2C85427E005A1267 /* Build configuration list for PBXProject "swiftui-transitionNetwork" */ = {
			isa = XCConfigurationList;
			buildConfigurations = (
				8105FE3E2C85427F005A1267 /* Debug */,
				8105FE3F2C85427F005A1267 /* Release */,
			);
			defaultConfigurationIsVisible = 0;
			defaultConfigurationName = Release;
		};
		8105FE402C85427F005A1267 /* Build configuration list for PBXNativeTarget "swiftui-transitionNetwork" */ = {
			isa = XCConfigurationList;
			buildConfigurations = (
				8105FE412C85427F005A1267 /* Debug */,
				8105FE422C85427F005A1267 /* Release */,
			);
			defaultConfigurationIsVisible = 0;
			defaultConfigurationName = Release;
		};
/* End XCConfigurationList section */
	};
	rootObject = 8105FE2A2C85427E005A1267 /* Project object */;
}
